// !$*UTF8*$!
{
	archiveVersion = 1;
	classes = {
	};
	objectVersion = 46;
	objects = {

/* Begin PBXBuildFile section */
		3310E68A1CB805370021B8FE /* File.swift in Sources */ = {isa = PBXBuildFile; fileRef = 3310E6891CB805370021B8FE /* File.swift */; };
		333795531CB7B19C002444F0 /* assets in Resources */ = {isa = PBXBuildFile; fileRef = 333795521CB7B19B002444F0 /* assets */; };
		3352B7D21CB95599003F3C34 /* back_button.png in Resources */ = {isa = PBXBuildFile; fileRef = 3352B7C51CB95599003F3C34 /* back_button.png */; };
		3352B7D31CB95599003F3C34 /* main_menu_bg.png in Resources */ = {isa = PBXBuildFile; fileRef = 3352B7C61CB95599003F3C34 /* main_menu_bg.png */; };
		3352B7D41CB95599003F3C34 /* main_menu_examination_button.png in Resources */ = {isa = PBXBuildFile; fileRef = 3352B7C71CB95599003F3C34 /* main_menu_examination_button.png */; };
		3352B7D51CB95599003F3C34 /* main_menu_examination_icon.png in Resources */ = {isa = PBXBuildFile; fileRef = 3352B7C81CB95599003F3C34 /* main_menu_examination_icon.png */; };
		3352B7D61CB95599003F3C34 /* main_menu_grammar_button.png in Resources */ = {isa = PBXBuildFile; fileRef = 3352B7C91CB95599003F3C34 /* main_menu_grammar_button.png */; };
		3352B7D71CB95599003F3C34 /* main_menu_grammar_icon.png in Resources */ = {isa = PBXBuildFile; fileRef = 3352B7CA1CB95599003F3C34 /* main_menu_grammar_icon.png */; };
		3352B7D81CB95599003F3C34 /* main_menu_header.png in Resources */ = {isa = PBXBuildFile; fileRef = 3352B7CB1CB95599003F3C34 /* main_menu_header.png */; };
		3352B7D91CB95599003F3C34 /* main_menu_listen_button.png in Resources */ = {isa = PBXBuildFile; fileRef = 3352B7CC1CB95599003F3C34 /* main_menu_listen_button.png */; };
		3352B7DA1CB95599003F3C34 /* main_menu_listen_icon.png in Resources */ = {isa = PBXBuildFile; fileRef = 3352B7CD1CB95599003F3C34 /* main_menu_listen_icon.png */; };
		3352B7DB1CB95599003F3C34 /* main_menu_ranking_button.png in Resources */ = {isa = PBXBuildFile; fileRef = 3352B7CE1CB95599003F3C34 /* main_menu_ranking_button.png */; };
		3352B7DC1CB95599003F3C34 /* main_menu_ranking_icon.png in Resources */ = {isa = PBXBuildFile; fileRef = 3352B7CF1CB95599003F3C34 /* main_menu_ranking_icon.png */; };
		3352B7DD1CB95599003F3C34 /* main_menu_study_offline_button.png in Resources */ = {isa = PBXBuildFile; fileRef = 3352B7D01CB95599003F3C34 /* main_menu_study_offline_button.png */; };
		3352B7DE1CB95599003F3C34 /* main_menu_study_offline_icon.png in Resources */ = {isa = PBXBuildFile; fileRef = 3352B7D11CB95599003F3C34 /* main_menu_study_offline_icon.png */; };
		3352B7E01CB955BB003F3C34 /* listview_background.png in Resources */ = {isa = PBXBuildFile; fileRef = 3352B7DF1CB955BB003F3C34 /* listview_background.png */; };
		335BF6811CB657D600EE1177 /* Assets.xcassets in Resources */ = {isa = PBXBuildFile; fileRef = 335BF6801CB657D600EE1177 /* Assets.xcassets */; };
		335BF6C01CB69CEB00EE1177 /* ListView.swift in Sources */ = {isa = PBXBuildFile; fileRef = 335BF6BE1CB69CEB00EE1177 /* ListView.swift */; };
		335BF6C11CB69CEB00EE1177 /* ListView.xib in Resources */ = {isa = PBXBuildFile; fileRef = 335BF6BF1CB69CEB00EE1177 /* ListView.xib */; };
		336CE3C71CBB441F000380A4 /* LaunchScreen.storyboard in Resources */ = {isa = PBXBuildFile; fileRef = 336CE3C61CBB441F000380A4 /* LaunchScreen.storyboard */; };
		336CE3CB1CBB4E40000380A4 /* ViewUtils.swift in Sources */ = {isa = PBXBuildFile; fileRef = 336CE3CA1CBB4E40000380A4 /* ViewUtils.swift */; };
		33B5CDD81CB8B6AE00A4FB79 /* DataItemUITableViewCell.swift in Sources */ = {isa = PBXBuildFile; fileRef = 33B5CDD61CB8B6AE00A4FB79 /* DataItemUITableViewCell.swift */; };
		33B5CDD91CB8B6AE00A4FB79 /* DataItemUITableViewCell.xib in Resources */ = {isa = PBXBuildFile; fileRef = 33B5CDD71CB8B6AE00A4FB79 /* DataItemUITableViewCell.xib */; };
		33BF836D1CB9DCE500FFDAD5 /* button_listview1.png in Resources */ = {isa = PBXBuildFile; fileRef = 33BF836B1CB9DCE500FFDAD5 /* button_listview1.png */; };
		33BF836E1CB9DCE500FFDAD5 /* button_listview2.png in Resources */ = {isa = PBXBuildFile; fileRef = 33BF836C1CB9DCE500FFDAD5 /* button_listview2.png */; };
		33C9CBA01CBA983E004061EA /* AssertDataController.swift in Sources */ = {isa = PBXBuildFile; fileRef = 33C9CB9F1CBA983E004061EA /* AssertDataController.swift */; };
		33C9CBA31CBA9877004061EA /* MainScreen.swift in Sources */ = {isa = PBXBuildFile; fileRef = 33C9CBA11CBA9877004061EA /* MainScreen.swift */; };
		33C9CBA41CBA9877004061EA /* MainScreen.xib in Resources */ = {isa = PBXBuildFile; fileRef = 33C9CBA21CBA9877004061EA /* MainScreen.xib */; };
		33C9CBA71CBA98B3004061EA /* AppDelegate.swift in Sources */ = {isa = PBXBuildFile; fileRef = 33C9CBA61CBA98B3004061EA /* AppDelegate.swift */; };
		33C9CBA91CBA9E57004061EA /* HttpDownloader.swift in Sources */ = {isa = PBXBuildFile; fileRef = 33C9CBA81CBA9E57004061EA /* HttpDownloader.swift */; };
/* End PBXBuildFile section */

/* Begin PBXFileReference section */
		3310E6891CB805370021B8FE /* File.swift */ = {isa = PBXFileReference; fileEncoding = 4; lastKnownFileType = sourcecode.swift; name = File.swift; path = AppModel/File.swift; sourceTree = "<group>"; };
		333795521CB7B19B002444F0 /* assets */ = {isa = PBXFileReference; lastKnownFileType = folder; path = assets; sourceTree = "<group>"; };
		3352B7C51CB95599003F3C34 /* back_button.png */ = {isa = PBXFileReference; lastKnownFileType = image.png; name = back_button.png; path = Images/back_button.png; sourceTree = "<group>"; };
		3352B7C61CB95599003F3C34 /* main_menu_bg.png */ = {isa = PBXFileReference; lastKnownFileType = image.png; name = main_menu_bg.png; path = Images/main_menu_bg.png; sourceTree = "<group>"; };
		3352B7C71CB95599003F3C34 /* main_menu_examination_button.png */ = {isa = PBXFileReference; lastKnownFileType = image.png; name = main_menu_examination_button.png; path = Images/main_menu_examination_button.png; sourceTree = "<group>"; };
		3352B7C81CB95599003F3C34 /* main_menu_examination_icon.png */ = {isa = PBXFileReference; lastKnownFileType = image.png; name = main_menu_examination_icon.png; path = Images/main_menu_examination_icon.png; sourceTree = "<group>"; };
		3352B7C91CB95599003F3C34 /* main_menu_grammar_button.png */ = {isa = PBXFileReference; lastKnownFileType = image.png; name = main_menu_grammar_button.png; path = Images/main_menu_grammar_button.png; sourceTree = "<group>"; };
		3352B7CA1CB95599003F3C34 /* main_menu_grammar_icon.png */ = {isa = PBXFileReference; lastKnownFileType = image.png; name = main_menu_grammar_icon.png; path = Images/main_menu_grammar_icon.png; sourceTree = "<group>"; };
		3352B7CB1CB95599003F3C34 /* main_menu_header.png */ = {isa = PBXFileReference; lastKnownFileType = image.png; name = main_menu_header.png; path = Images/main_menu_header.png; sourceTree = "<group>"; };
		3352B7CC1CB95599003F3C34 /* main_menu_listen_button.png */ = {isa = PBXFileReference; lastKnownFileType = image.png; name = main_menu_listen_button.png; path = Images/main_menu_listen_button.png; sourceTree = "<group>"; };
		3352B7CD1CB95599003F3C34 /* main_menu_listen_icon.png */ = {isa = PBXFileReference; lastKnownFileType = image.png; name = main_menu_listen_icon.png; path = Images/main_menu_listen_icon.png; sourceTree = "<group>"; };
		3352B7CE1CB95599003F3C34 /* main_menu_ranking_button.png */ = {isa = PBXFileReference; lastKnownFileType = image.png; name = main_menu_ranking_button.png; path = Images/main_menu_ranking_button.png; sourceTree = "<group>"; };
		3352B7CF1CB95599003F3C34 /* main_menu_ranking_icon.png */ = {isa = PBXFileReference; lastKnownFileType = image.png; name = main_menu_ranking_icon.png; path = Images/main_menu_ranking_icon.png; sourceTree = "<group>"; };
		3352B7D01CB95599003F3C34 /* main_menu_study_offline_button.png */ = {isa = PBXFileReference; lastKnownFileType = image.png; name = main_menu_study_offline_button.png; path = Images/main_menu_study_offline_button.png; sourceTree = "<group>"; };
		3352B7D11CB95599003F3C34 /* main_menu_study_offline_icon.png */ = {isa = PBXFileReference; lastKnownFileType = image.png; name = main_menu_study_offline_icon.png; path = Images/main_menu_study_offline_icon.png; sourceTree = "<group>"; };
		3352B7DF1CB955BB003F3C34 /* listview_background.png */ = {isa = PBXFileReference; lastKnownFileType = image.png; name = listview_background.png; path = Images/listview_background.png; sourceTree = "<group>"; };
		335BF6761CB657D500EE1177 /* English for all levels.app */ = {isa = PBXFileReference; explicitFileType = wrapper.application; includeInIndex = 0; path = "English for all levels.app"; sourceTree = BUILT_PRODUCTS_DIR; };
		335BF6801CB657D600EE1177 /* Assets.xcassets */ = {isa = PBXFileReference; lastKnownFileType = folder.assetcatalog; path = Assets.xcassets; sourceTree = "<group>"; };
		335BF6851CB657D600EE1177 /* Info.plist */ = {isa = PBXFileReference; lastKnownFileType = text.plist.xml; path = Info.plist; sourceTree = "<group>"; };
		335BF6BE1CB69CEB00EE1177 /* ListView.swift */ = {isa = PBXFileReference; fileEncoding = 4; lastKnownFileType = sourcecode.swift; name = ListView.swift; path = ViewControllers/ListView/ListView.swift; sourceTree = "<group>"; };
		335BF6BF1CB69CEB00EE1177 /* ListView.xib */ = {isa = PBXFileReference; fileEncoding = 4; lastKnownFileType = file.xib; name = ListView.xib; path = ViewControllers/ListView/ListView.xib; sourceTree = "<group>"; };
		336CE3C61CBB441F000380A4 /* LaunchScreen.storyboard */ = {isa = PBXFileReference; fileEncoding = 4; lastKnownFileType = file.storyboard; name = LaunchScreen.storyboard; path = LaunchScreen/LaunchScreen.storyboard; sourceTree = "<group>"; };
		336CE3CA1CBB4E40000380A4 /* ViewUtils.swift */ = {isa = PBXFileReference; fileEncoding = 4; lastKnownFileType = sourcecode.swift; name = ViewUtils.swift; path = Utils/ViewUtils.swift; sourceTree = "<group>"; };
		33B5CDD61CB8B6AE00A4FB79 /* DataItemUITableViewCell.swift */ = {isa = PBXFileReference; fileEncoding = 4; lastKnownFileType = sourcecode.swift; name = DataItemUITableViewCell.swift; path = ViewControllers/ListView/DataItemUITableViewCell.swift; sourceTree = "<group>"; };
		33B5CDD71CB8B6AE00A4FB79 /* DataItemUITableViewCell.xib */ = {isa = PBXFileReference; fileEncoding = 4; lastKnownFileType = file.xib; name = DataItemUITableViewCell.xib; path = ViewControllers/ListView/DataItemUITableViewCell.xib; sourceTree = "<group>"; };
		33BF836B1CB9DCE500FFDAD5 /* button_listview1.png */ = {isa = PBXFileReference; lastKnownFileType = image.png; name = button_listview1.png; path = Images/button_listview1.png; sourceTree = "<group>"; };
		33BF836C1CB9DCE500FFDAD5 /* button_listview2.png */ = {isa = PBXFileReference; lastKnownFileType = image.png; name = button_listview2.png; path = Images/button_listview2.png; sourceTree = "<group>"; };
		33C9CB9F1CBA983E004061EA /* AssertDataController.swift */ = {isa = PBXFileReference; fileEncoding = 4; lastKnownFileType = sourcecode.swift; name = AssertDataController.swift; path = Controllers/AssertDataController.swift; sourceTree = "<group>"; };
		33C9CBA11CBA9877004061EA /* MainScreen.swift */ = {isa = PBXFileReference; fileEncoding = 4; lastKnownFileType = sourcecode.swift; name = MainScreen.swift; path = ViewControllers/MainScreen/MainScreen.swift; sourceTree = "<group>"; };
		33C9CBA21CBA9877004061EA /* MainScreen.xib */ = {isa = PBXFileReference; fileEncoding = 4; lastKnownFileType = file.xib; name = MainScreen.xib; path = ViewControllers/MainScreen/MainScreen.xib; sourceTree = "<group>"; };
		33C9CBA61CBA98B3004061EA /* AppDelegate.swift */ = {isa = PBXFileReference; fileEncoding = 4; lastKnownFileType = sourcecode.swift; name = AppDelegate.swift; path = AppDelegate/AppDelegate.swift; sourceTree = "<group>"; };
		33C9CBA81CBA9E57004061EA /* HttpDownloader.swift */ = {isa = PBXFileReference; fileEncoding = 4; lastKnownFileType = sourcecode.swift; name = HttpDownloader.swift; path = Controllers/HttpDownloader.swift; sourceTree = "<group>"; };
/* End PBXFileReference section */

/* Begin PBXFrameworksBuildPhase section */
		335BF6731CB657D500EE1177 /* Frameworks */ = {
			isa = PBXFrameworksBuildPhase;
			buildActionMask = 2147483647;
			files = (
			);
			runOnlyForDeploymentPostprocessing = 0;
		};
/* End PBXFrameworksBuildPhase section */

/* Begin PBXGroup section */
		3310E6881CB805180021B8FE /* AppModel */ = {
			isa = PBXGroup;
			children = (
				3310E6891CB805370021B8FE /* File.swift */,
			);
			name = AppModel;
			sourceTree = "<group>";
		};
		335B573D1CB6A6CB0070D090 /* Controllers */ = {
			isa = PBXGroup;
			children = (
				33C9CB9F1CBA983E004061EA /* AssertDataController.swift */,
				33C9CBA81CBA9E57004061EA /* HttpDownloader.swift */,
			);
			name = Controllers;
			sourceTree = "<group>";
		};
		335BF66D1CB657D500EE1177 = {
			isa = PBXGroup;
			children = (
				335BF6781CB657D500EE1177 /* English for all levels */,
				335BF6771CB657D500EE1177 /* Products */,
			);
			sourceTree = "<group>";
		};
		335BF6771CB657D500EE1177 /* Products */ = {
			isa = PBXGroup;
			children = (
				335BF6761CB657D500EE1177 /* English for all levels.app */,
			);
			name = Products;
			sourceTree = "<group>";
		};
		335BF6781CB657D500EE1177 /* English for all levels */ = {
			isa = PBXGroup;
			children = (
				336CE3C91CBB4E23000380A4 /* Utils */,
				336CE3C51CBB440F000380A4 /* LaunchScreen */,
				33C9CBA51CBA98A6004061EA /* AppDelegate */,
				3310E6881CB805180021B8FE /* AppModel */,
				333795521CB7B19B002444F0 /* assets */,
				335B573D1CB6A6CB0070D090 /* Controllers */,
				335BF6A41CB6675500EE1177 /* Images */,
				335BF68E1CB65C2B00EE1177 /* ViewControllers */,
				335BF6801CB657D600EE1177 /* Assets.xcassets */,
				335BF6851CB657D600EE1177 /* Info.plist */,
			);
			path = "English for all levels";
			sourceTree = "<group>";
		};
		335BF68E1CB65C2B00EE1177 /* ViewControllers */ = {
			isa = PBXGroup;
			children = (
				335BF6BD1CB69CA600EE1177 /* ListView */,
				335BF68F1CB65C8F00EE1177 /* MainScreen */,
			);
			name = ViewControllers;
			sourceTree = "<group>";
		};
		335BF68F1CB65C8F00EE1177 /* MainScreen */ = {
			isa = PBXGroup;
			children = (
				33C9CBA11CBA9877004061EA /* MainScreen.swift */,
				33C9CBA21CBA9877004061EA /* MainScreen.xib */,
			);
			name = MainScreen;
			sourceTree = "<group>";
		};
		335BF6A41CB6675500EE1177 /* Images */ = {
			isa = PBXGroup;
			children = (
				33BF836B1CB9DCE500FFDAD5 /* button_listview1.png */,
				33BF836C1CB9DCE500FFDAD5 /* button_listview2.png */,
				3352B7DF1CB955BB003F3C34 /* listview_background.png */,
				3352B7C51CB95599003F3C34 /* back_button.png */,
				3352B7C61CB95599003F3C34 /* main_menu_bg.png */,
				3352B7C71CB95599003F3C34 /* main_menu_examination_button.png */,
				3352B7C81CB95599003F3C34 /* main_menu_examination_icon.png */,
				3352B7C91CB95599003F3C34 /* main_menu_grammar_button.png */,
				3352B7CA1CB95599003F3C34 /* main_menu_grammar_icon.png */,
				3352B7CB1CB95599003F3C34 /* main_menu_header.png */,
				3352B7CC1CB95599003F3C34 /* main_menu_listen_button.png */,
				3352B7CD1CB95599003F3C34 /* main_menu_listen_icon.png */,
				3352B7CE1CB95599003F3C34 /* main_menu_ranking_button.png */,
				3352B7CF1CB95599003F3C34 /* main_menu_ranking_icon.png */,
				3352B7D01CB95599003F3C34 /* main_menu_study_offline_button.png */,
				3352B7D11CB95599003F3C34 /* main_menu_study_offline_icon.png */,
			);
			name = Images;
			sourceTree = "<group>";
		};
		335BF6BD1CB69CA600EE1177 /* ListView */ = {
			isa = PBXGroup;
			children = (
				335BF6BE1CB69CEB00EE1177 /* ListView.swift */,
				335BF6BF1CB69CEB00EE1177 /* ListView.xib */,
				33B5CDD61CB8B6AE00A4FB79 /* DataItemUITableViewCell.swift */,
				33B5CDD71CB8B6AE00A4FB79 /* DataItemUITableViewCell.xib */,
			);
			name = ListView;
			sourceTree = "<group>";
		};
		336CE3C51CBB440F000380A4 /* LaunchScreen */ = {
			isa = PBXGroup;
			children = (
				336CE3C61CBB441F000380A4 /* LaunchScreen.storyboard */,
			);
			name = LaunchScreen;
			sourceTree = "<group>";
		};
		336CE3C91CBB4E23000380A4 /* Utils */ = {
			isa = PBXGroup;
			children = (
				336CE3CA1CBB4E40000380A4 /* ViewUtils.swift */,
			);
			name = Utils;
			sourceTree = "<group>";
		};
		33C9CBA51CBA98A6004061EA /* AppDelegate */ = {
			isa = PBXGroup;
			children = (
				33C9CBA61CBA98B3004061EA /* AppDelegate.swift */,
			);
			name = AppDelegate;
			sourceTree = "<group>";
		};
/* End PBXGroup section */

/* Begin PBXNativeTarget section */
		335BF6751CB657D500EE1177 /* English for all levels */ = {
			isa = PBXNativeTarget;
			buildConfigurationList = 335BF6881CB657D600EE1177 /* Build configuration list for PBXNativeTarget "English for all levels" */;
			buildPhases = (
				335BF6721CB657D500EE1177 /* Sources */,
				335BF6731CB657D500EE1177 /* Frameworks */,
				335BF6741CB657D500EE1177 /* Resources */,
			);
			buildRules = (
			);
			dependencies = (
			);
			name = "English for all levels";
			productName = "English for all levels";
			productReference = 335BF6761CB657D500EE1177 /* English for all levels.app */;
			productType = "com.apple.product-type.application";
		};
/* End PBXNativeTarget section */

/* Begin PBXProject section */
		335BF66E1CB657D500EE1177 /* Project object */ = {
			isa = PBXProject;
			attributes = {
				LastSwiftUpdateCheck = 0730;
				LastUpgradeCheck = 0730;
				ORGANIZATIONNAME = "Vo Quang Hoa";
				TargetAttributes = {
					335BF6751CB657D500EE1177 = {
						CreatedOnToolsVersion = 7.3;
					};
				};
			};
			buildConfigurationList = 335BF6711CB657D500EE1177 /* Build configuration list for PBXProject "English for all levels" */;
			compatibilityVersion = "Xcode 3.2";
			developmentRegion = English;
			hasScannedForEncodings = 0;
			knownRegions = (
				en,
				Base,
			);
			mainGroup = 335BF66D1CB657D500EE1177;
			productRefGroup = 335BF6771CB657D500EE1177 /* Products */;
			projectDirPath = "";
			projectRoot = "";
			targets = (
				335BF6751CB657D500EE1177 /* English for all levels */,
			);
		};
/* End PBXProject section */

/* Begin PBXResourcesBuildPhase section */
		335BF6741CB657D500EE1177 /* Resources */ = {
			isa = PBXResourcesBuildPhase;
			buildActionMask = 2147483647;
			files = (
				3352B7DE1CB95599003F3C34 /* main_menu_study_offline_icon.png in Resources */,
				3352B7D81CB95599003F3C34 /* main_menu_header.png in Resources */,
				335BF6C11CB69CEB00EE1177 /* ListView.xib in Resources */,
				3352B7D91CB95599003F3C34 /* main_menu_listen_button.png in Resources */,
				33BF836D1CB9DCE500FFDAD5 /* button_listview1.png in Resources */,
				3352B7D61CB95599003F3C34 /* main_menu_grammar_button.png in Resources */,
				33BF836E1CB9DCE500FFDAD5 /* button_listview2.png in Resources */,
				3352B7DC1CB95599003F3C34 /* main_menu_ranking_icon.png in Resources */,
				3352B7D51CB95599003F3C34 /* main_menu_examination_icon.png in Resources */,
				336CE3C71CBB441F000380A4 /* LaunchScreen.storyboard in Resources */,
				3352B7D71CB95599003F3C34 /* main_menu_grammar_icon.png in Resources */,
				3352B7D41CB95599003F3C34 /* main_menu_examination_button.png in Resources */,
				333795531CB7B19C002444F0 /* assets in Resources */,
				3352B7DB1CB95599003F3C34 /* main_menu_ranking_button.png in Resources */,
				33B5CDD91CB8B6AE00A4FB79 /* DataItemUITableViewCell.xib in Resources */,
				3352B7DA1CB95599003F3C34 /* main_menu_listen_icon.png in Resources */,
				33C9CBA41CBA9877004061EA /* MainScreen.xib in Resources */,
				3352B7D31CB95599003F3C34 /* main_menu_bg.png in Resources */,
				335BF6811CB657D600EE1177 /* Assets.xcassets in Resources */,
				3352B7D21CB95599003F3C34 /* back_button.png in Resources */,
				3352B7E01CB955BB003F3C34 /* listview_background.png in Resources */,
				3352B7DD1CB95599003F3C34 /* main_menu_study_offline_button.png in Resources */,
			);
			runOnlyForDeploymentPostprocessing = 0;
		};
/* End PBXResourcesBuildPhase section */

/* Begin PBXSourcesBuildPhase section */
		335BF6721CB657D500EE1177 /* Sources */ = {
			isa = PBXSourcesBuildPhase;
			buildActionMask = 2147483647;
			files = (
				33C9CBA91CBA9E57004061EA /* HttpDownloader.swift in Sources */,
				335BF6C01CB69CEB00EE1177 /* ListView.swift in Sources */,
				33C9CBA31CBA9877004061EA /* MainScreen.swift in Sources */,
				3310E68A1CB805370021B8FE /* File.swift in Sources */,
				33C9CBA01CBA983E004061EA /* AssertDataController.swift in Sources */,
				33C9CBA71CBA98B3004061EA /* AppDelegate.swift in Sources */,
				336CE3CB1CBB4E40000380A4 /* ViewUtils.swift in Sources */,
				33B5CDD81CB8B6AE00A4FB79 /* DataItemUITableViewCell.swift in Sources */,
			);
			runOnlyForDeploymentPostprocessing = 0;
		};
/* End PBXSourcesBuildPhase section */

/* Begin XCBuildConfiguration section */
		335BF6861CB657D600EE1177 /* Debug */ = {
			isa = XCBuildConfiguration;
			buildSettings = {
				ALWAYS_SEARCH_USER_PATHS = NO;
				CLANG_ANALYZER_NONNULL = YES;
				CLANG_CXX_LANGUAGE_STANDARD = "gnu++0x";
				CLANG_CXX_LIBRARY = "libc++";
				CLANG_ENABLE_MODULES = YES;
				CLANG_ENABLE_OBJC_ARC = YES;
				CLANG_WARN_BOOL_CONVERSION = YES;
				CLANG_WARN_CONSTANT_CONVERSION = YES;
				CLANG_WARN_DIRECT_OBJC_ISA_USAGE = YES_ERROR;
				CLANG_WARN_EMPTY_BODY = YES;
				CLANG_WARN_ENUM_CONVERSION = YES;
				CLANG_WARN_INT_CONVERSION = YES;
				CLANG_WARN_OBJC_ROOT_CLASS = YES_ERROR;
				CLANG_WARN_UNREACHABLE_CODE = YES;
				CLANG_WARN__DUPLICATE_METHOD_MATCH = YES;
				"CODE_SIGN_IDENTITY[sdk=iphoneos*]" = "iPhone Developer";
				COPY_PHASE_STRIP = NO;
				DEBUG_INFORMATION_FORMAT = dwarf;
				ENABLE_STRICT_OBJC_MSGSEND = YES;
				ENABLE_TESTABILITY = YES;
				GCC_C_LANGUAGE_STANDARD = gnu99;
				GCC_DYNAMIC_NO_PIC = NO;
				GCC_NO_COMMON_BLOCKS = YES;
				GCC_OPTIMIZATION_LEVEL = 0;
				GCC_PREPROCESSOR_DEFINITIONS = (
					"DEBUG=1",
					"$(inherited)",
				);
				GCC_WARN_64_TO_32_BIT_CONVERSION = YES;
				GCC_WARN_ABOUT_RETURN_TYPE = YES_ERROR;
				GCC_WARN_UNDECLARED_SELECTOR = YES;
				GCC_WARN_UNINITIALIZED_AUTOS = YES_AGGRESSIVE;
				GCC_WARN_UNUSED_FUNCTION = YES;
				GCC_WARN_UNUSED_VARIABLE = YES;
				IPHONEOS_DEPLOYMENT_TARGET = 9.3;
				MTL_ENABLE_DEBUG_INFO = YES;
				ONLY_ACTIVE_ARCH = YES;
				SDKROOT = iphoneos;
				SWIFT_OPTIMIZATION_LEVEL = "-Onone";
			};
			name = Debug;
		};
		335BF6871CB657D600EE1177 /* Release */ = {
			isa = XCBuildConfiguration;
			buildSettings = {
				ALWAYS_SEARCH_USER_PATHS = NO;
				CLANG_ANALYZER_NONNULL = YES;
				CLANG_CXX_LANGUAGE_STANDARD = "gnu++0x";
				CLANG_CXX_LIBRARY = "libc++";
				CLANG_ENABLE_MODULES = YES;
				CLANG_ENABLE_OBJC_ARC = YES;
				CLANG_WARN_BOOL_CONVERSION = YES;
				CLANG_WARN_CONSTANT_CONVERSION = YES;
				CLANG_WARN_DIRECT_OBJC_ISA_USAGE = YES_ERROR;
				CLANG_WARN_EMPTY_BODY = YES;
				CLANG_WARN_ENUM_CONVERSION = YES;
				CLANG_WARN_INT_CONVERSION = YES;
				CLANG_WARN_OBJC_ROOT_CLASS = YES_ERROR;
				CLANG_WARN_UNREACHABLE_CODE = YES;
				CLANG_WARN__DUPLICATE_METHOD_MATCH = YES;
				"CODE_SIGN_IDENTITY[sdk=iphoneos*]" = "iPhone Developer";
				COPY_PHASE_STRIP = NO;
				DEBUG_INFORMATION_FORMAT = "dwarf-with-dsym";
				ENABLE_NS_ASSERTIONS = NO;
				ENABLE_STRICT_OBJC_MSGSEND = YES;
				GCC_C_LANGUAGE_STANDARD = gnu99;
				GCC_NO_COMMON_BLOCKS = YES;
				GCC_WARN_64_TO_32_BIT_CONVERSION = YES;
				GCC_WARN_ABOUT_RETURN_TYPE = YES_ERROR;
				GCC_WARN_UNDECLARED_SELECTOR = YES;
				GCC_WARN_UNINITIALIZED_AUTOS = YES_AGGRESSIVE;
				GCC_WARN_UNUSED_FUNCTION = YES;
				GCC_WARN_UNUSED_VARIABLE = YES;
				IPHONEOS_DEPLOYMENT_TARGET = 9.3;
				MTL_ENABLE_DEBUG_INFO = NO;
				SDKROOT = iphoneos;
				VALIDATE_PRODUCT = YES;
			};
			name = Release;
		};
		335BF6891CB657D600EE1177 /* Debug */ = {
			isa = XCBuildConfiguration;
			buildSettings = {
				ASSETCATALOG_COMPILER_APPICON_NAME = AppIcon;
				INFOPLIST_FILE = "English for all levels/Info.plist";
				LD_RUNPATH_SEARCH_PATHS = "$(inherited) @executable_path/Frameworks";
				PRODUCT_BUNDLE_IDENTIFIER = "quanghoa.English-for-all-levels";
				PRODUCT_NAME = "$(TARGET_NAME)";
			};
			name = Debug;
		};
		335BF68A1CB657D600EE1177 /* Release */ = {
			isa = XCBuildConfiguration;
			buildSettings = {
				ASSETCATALOG_COMPILER_APPICON_NAME = AppIcon;
				INFOPLIST_FILE = "English for all levels/Info.plist";
				LD_RUNPATH_SEARCH_PATHS = "$(inherited) @executable_path/Frameworks";
				PRODUCT_BUNDLE_IDENTIFIER = "quanghoa.English-for-all-levels";
				PRODUCT_NAME = "$(TARGET_NAME)";
			};
			name = Release;
		};
/* End XCBuildConfiguration section */

/* Begin XCConfigurationList section */
		335BF6711CB657D500EE1177 /* Build configuration list for PBXProject "English for all levels" */ = {
			isa = XCConfigurationList;
			buildConfigurations = (
				335BF6861CB657D600EE1177 /* Debug */,
				335BF6871CB657D600EE1177 /* Release */,
			);
			defaultConfigurationIsVisible = 0;
			defaultConfigurationName = Release;
		};
		335BF6881CB657D600EE1177 /* Build configuration list for PBXNativeTarget "English for all levels" */ = {
			isa = XCConfigurationList;
			buildConfigurations = (
				335BF6891CB657D600EE1177 /* Debug */,
				335BF68A1CB657D600EE1177 /* Release */,
			);
			defaultConfigurationIsVisible = 0;
			defaultConfigurationName = Release;
		};
/* End XCConfigurationList section */
	};
	rootObject = 335BF66E1CB657D500EE1177 /* Project object */;
}
