// !$*UTF8*$!
{
	archiveVersion = 1;
	classes = {
	};
	objectVersion = 46;
	objects = {

/* Begin PBXBuildFile section */
		333795511CB7AC75002444F0 /* data.json in Resources */ = {isa = PBXBuildFile; fileRef = 333795501CB7AC75002444F0 /* data.json */; };
		333795531CB7B19C002444F0 /* assets in Resources */ = {isa = PBXBuildFile; fileRef = 333795521CB7B19B002444F0 /* assets */; };
		335B573F1CB6A70D0070D090 /* AssertDataController.swift in Sources */ = {isa = PBXBuildFile; fileRef = 335B573E1CB6A70D0070D090 /* AssertDataController.swift */; };
		335BF67A1CB657D500EE1177 /* AppDelegate.swift in Sources */ = {isa = PBXBuildFile; fileRef = 335BF6791CB657D500EE1177 /* AppDelegate.swift */; };
		335BF6811CB657D600EE1177 /* Assets.xcassets in Resources */ = {isa = PBXBuildFile; fileRef = 335BF6801CB657D600EE1177 /* Assets.xcassets */; };
		335BF6951CB65D0B00EE1177 /* MainScreen.swift in Sources */ = {isa = PBXBuildFile; fileRef = 335BF6931CB65D0B00EE1177 /* MainScreen.swift */; };
		335BF6961CB65D0B00EE1177 /* MainScreen.xib in Resources */ = {isa = PBXBuildFile; fileRef = 335BF6941CB65D0B00EE1177 /* MainScreen.xib */; };
		335BF69A1CB662F600EE1177 /* LaunchScreen.storyboard in Resources */ = {isa = PBXBuildFile; fileRef = 335BF6971CB662F600EE1177 /* LaunchScreen.storyboard */; };
		335BF69B1CB662F600EE1177 /* Main.storyboard in Resources */ = {isa = PBXBuildFile; fileRef = 335BF6981CB662F600EE1177 /* Main.storyboard */; };
		335BF69C1CB662F600EE1177 /* ViewController.swift in Sources */ = {isa = PBXBuildFile; fileRef = 335BF6991CB662F600EE1177 /* ViewController.swift */; };
		335BF6A71CB6676500EE1177 /* main_menu_bg.png in Resources */ = {isa = PBXBuildFile; fileRef = 335BF6A51CB6676500EE1177 /* main_menu_bg.png */; };
		335BF6A81CB6676500EE1177 /* main_menu_header.png in Resources */ = {isa = PBXBuildFile; fileRef = 335BF6A61CB6676500EE1177 /* main_menu_header.png */; };
		335BF6AB1CB6680400EE1177 /* main_menu_grammar_button.png in Resources */ = {isa = PBXBuildFile; fileRef = 335BF6A91CB6680400EE1177 /* main_menu_grammar_button.png */; };
		335BF6AC1CB6680400EE1177 /* main_menu_grammar_icon.png in Resources */ = {isa = PBXBuildFile; fileRef = 335BF6AA1CB6680400EE1177 /* main_menu_grammar_icon.png */; };
		335BF6AF1CB66AD100EE1177 /* main_menu_examination_button.png in Resources */ = {isa = PBXBuildFile; fileRef = 335BF6AD1CB66AD100EE1177 /* main_menu_examination_button.png */; };
		335BF6B01CB66AD100EE1177 /* main_menu_examination_icon.png in Resources */ = {isa = PBXBuildFile; fileRef = 335BF6AE1CB66AD100EE1177 /* main_menu_examination_icon.png */; };
		335BF6B31CB66B3A00EE1177 /* main_menu_study_offline_button.png in Resources */ = {isa = PBXBuildFile; fileRef = 335BF6B11CB66B3A00EE1177 /* main_menu_study_offline_button.png */; };
		335BF6B41CB66B3A00EE1177 /* main_menu_study_offline_icon.png in Resources */ = {isa = PBXBuildFile; fileRef = 335BF6B21CB66B3A00EE1177 /* main_menu_study_offline_icon.png */; };
		335BF6B71CB66B7500EE1177 /* main_menu_listen_button.png in Resources */ = {isa = PBXBuildFile; fileRef = 335BF6B51CB66B7500EE1177 /* main_menu_listen_button.png */; };
		335BF6B81CB66B7500EE1177 /* main_menu_listen_icon.png in Resources */ = {isa = PBXBuildFile; fileRef = 335BF6B61CB66B7500EE1177 /* main_menu_listen_icon.png */; };
		335BF6BB1CB66BB600EE1177 /* main_menu_ranking_button.png in Resources */ = {isa = PBXBuildFile; fileRef = 335BF6B91CB66BB600EE1177 /* main_menu_ranking_button.png */; };
		335BF6BC1CB66BB600EE1177 /* main_menu_ranking_icon.png in Resources */ = {isa = PBXBuildFile; fileRef = 335BF6BA1CB66BB600EE1177 /* main_menu_ranking_icon.png */; };
		335BF6C01CB69CEB00EE1177 /* ListView.swift in Sources */ = {isa = PBXBuildFile; fileRef = 335BF6BE1CB69CEB00EE1177 /* ListView.swift */; };
		335BF6C11CB69CEB00EE1177 /* ListView.xib in Resources */ = {isa = PBXBuildFile; fileRef = 335BF6BF1CB69CEB00EE1177 /* ListView.xib */; };
/* End PBXBuildFile section */

/* Begin PBXFileReference section */
		333795501CB7AC75002444F0 /* data.json */ = {isa = PBXFileReference; fileEncoding = 4; lastKnownFileType = text.json; path = data.json; sourceTree = "<group>"; };
		333795521CB7B19B002444F0 /* assets */ = {isa = PBXFileReference; lastKnownFileType = folder; path = assets; sourceTree = "<group>"; };
		335B573E1CB6A70D0070D090 /* AssertDataController.swift */ = {isa = PBXFileReference; fileEncoding = 4; lastKnownFileType = sourcecode.swift; name = AssertDataController.swift; path = DataControllers/AssertDataController.swift; sourceTree = "<group>"; };
		335BF6761CB657D500EE1177 /* English for all levels.app */ = {isa = PBXFileReference; explicitFileType = wrapper.application; includeInIndex = 0; path = "English for all levels.app"; sourceTree = BUILT_PRODUCTS_DIR; };
		335BF6791CB657D500EE1177 /* AppDelegate.swift */ = {isa = PBXFileReference; lastKnownFileType = sourcecode.swift; path = AppDelegate.swift; sourceTree = "<group>"; };
		335BF6801CB657D600EE1177 /* Assets.xcassets */ = {isa = PBXFileReference; lastKnownFileType = folder.assetcatalog; path = Assets.xcassets; sourceTree = "<group>"; };
		335BF6851CB657D600EE1177 /* Info.plist */ = {isa = PBXFileReference; lastKnownFileType = text.plist.xml; path = Info.plist; sourceTree = "<group>"; };
		335BF6931CB65D0B00EE1177 /* MainScreen.swift */ = {isa = PBXFileReference; fileEncoding = 4; lastKnownFileType = sourcecode.swift; name = MainScreen.swift; path = "English for all levels/MainScreen.swift"; sourceTree = SOURCE_ROOT; };
		335BF6941CB65D0B00EE1177 /* MainScreen.xib */ = {isa = PBXFileReference; fileEncoding = 4; lastKnownFileType = file.xib; path = MainScreen.xib; sourceTree = "<group>"; };
		335BF6971CB662F600EE1177 /* LaunchScreen.storyboard */ = {isa = PBXFileReference; fileEncoding = 4; lastKnownFileType = file.storyboard; path = LaunchScreen.storyboard; sourceTree = "<group>"; };
		335BF6981CB662F600EE1177 /* Main.storyboard */ = {isa = PBXFileReference; fileEncoding = 4; lastKnownFileType = file.storyboard; path = Main.storyboard; sourceTree = "<group>"; };
		335BF6991CB662F600EE1177 /* ViewController.swift */ = {isa = PBXFileReference; fileEncoding = 4; lastKnownFileType = sourcecode.swift; path = ViewController.swift; sourceTree = "<group>"; };
		335BF6A51CB6676500EE1177 /* main_menu_bg.png */ = {isa = PBXFileReference; lastKnownFileType = image.png; path = main_menu_bg.png; sourceTree = "<group>"; };
		335BF6A61CB6676500EE1177 /* main_menu_header.png */ = {isa = PBXFileReference; lastKnownFileType = image.png; path = main_menu_header.png; sourceTree = "<group>"; };
		335BF6A91CB6680400EE1177 /* main_menu_grammar_button.png */ = {isa = PBXFileReference; lastKnownFileType = image.png; path = main_menu_grammar_button.png; sourceTree = "<group>"; };
		335BF6AA1CB6680400EE1177 /* main_menu_grammar_icon.png */ = {isa = PBXFileReference; lastKnownFileType = image.png; path = main_menu_grammar_icon.png; sourceTree = "<group>"; };
		335BF6AD1CB66AD100EE1177 /* main_menu_examination_button.png */ = {isa = PBXFileReference; lastKnownFileType = image.png; path = main_menu_examination_button.png; sourceTree = "<group>"; };
		335BF6AE1CB66AD100EE1177 /* main_menu_examination_icon.png */ = {isa = PBXFileReference; lastKnownFileType = image.png; path = main_menu_examination_icon.png; sourceTree = "<group>"; };
		335BF6B11CB66B3A00EE1177 /* main_menu_study_offline_button.png */ = {isa = PBXFileReference; lastKnownFileType = image.png; path = main_menu_study_offline_button.png; sourceTree = "<group>"; };
		335BF6B21CB66B3A00EE1177 /* main_menu_study_offline_icon.png */ = {isa = PBXFileReference; lastKnownFileType = image.png; path = main_menu_study_offline_icon.png; sourceTree = "<group>"; };
		335BF6B51CB66B7500EE1177 /* main_menu_listen_button.png */ = {isa = PBXFileReference; lastKnownFileType = image.png; path = main_menu_listen_button.png; sourceTree = "<group>"; };
		335BF6B61CB66B7500EE1177 /* main_menu_listen_icon.png */ = {isa = PBXFileReference; lastKnownFileType = image.png; path = main_menu_listen_icon.png; sourceTree = "<group>"; };
		335BF6B91CB66BB600EE1177 /* main_menu_ranking_button.png */ = {isa = PBXFileReference; lastKnownFileType = image.png; path = main_menu_ranking_button.png; sourceTree = "<group>"; };
		335BF6BA1CB66BB600EE1177 /* main_menu_ranking_icon.png */ = {isa = PBXFileReference; lastKnownFileType = image.png; path = main_menu_ranking_icon.png; sourceTree = "<group>"; };
		335BF6BE1CB69CEB00EE1177 /* ListView.swift */ = {isa = PBXFileReference; fileEncoding = 4; lastKnownFileType = sourcecode.swift; name = ListView.swift; path = ViewControllers/ListView/ListView.swift; sourceTree = "<group>"; };
		335BF6BF1CB69CEB00EE1177 /* ListView.xib */ = {isa = PBXFileReference; fileEncoding = 4; lastKnownFileType = file.xib; name = ListView.xib; path = ViewControllers/ListView/ListView.xib; sourceTree = "<group>"; };
/* End PBXFileReference section */

/* Begin PBXFrameworksBuildPhase section */
		335BF6731CB657D500EE1177 /* Frameworks */ = {
			isa = PBXFrameworksBuildPhase;
			buildActionMask = 2147483647;
			files = (
			);
			runOnlyForDeploymentPostprocessing = 0;
		};
/* End PBXFrameworksBuildPhase section */

/* Begin PBXGroup section */
		335B573D1CB6A6CB0070D090 /* DataControllers */ = {
			isa = PBXGroup;
			children = (
				335B573E1CB6A70D0070D090 /* AssertDataController.swift */,
			);
			name = DataControllers;
			sourceTree = "<group>";
		};
		335BF66D1CB657D500EE1177 = {
			isa = PBXGroup;
			children = (
				335BF6781CB657D500EE1177 /* English for all levels */,
				335BF6771CB657D500EE1177 /* Products */,
			);
			sourceTree = "<group>";
		};
		335BF6771CB657D500EE1177 /* Products */ = {
			isa = PBXGroup;
			children = (
				335BF6761CB657D500EE1177 /* English for all levels.app */,
			);
			name = Products;
			sourceTree = "<group>";
		};
		335BF6781CB657D500EE1177 /* English for all levels */ = {
			isa = PBXGroup;
			children = (
				333795521CB7B19B002444F0 /* assets */,
				333795501CB7AC75002444F0 /* data.json */,
				335B573D1CB6A6CB0070D090 /* DataControllers */,
				335BF6A41CB6675500EE1177 /* Images */,
				335BF6971CB662F600EE1177 /* LaunchScreen.storyboard */,
				335BF6981CB662F600EE1177 /* Main.storyboard */,
				335BF6991CB662F600EE1177 /* ViewController.swift */,
				335BF68E1CB65C2B00EE1177 /* ViewControllers */,
				335BF6791CB657D500EE1177 /* AppDelegate.swift */,
				335BF6801CB657D600EE1177 /* Assets.xcassets */,
				335BF6851CB657D600EE1177 /* Info.plist */,
			);
			path = "English for all levels";
			sourceTree = "<group>";
		};
		335BF68E1CB65C2B00EE1177 /* ViewControllers */ = {
			isa = PBXGroup;
			children = (
				335BF6BD1CB69CA600EE1177 /* ListView */,
				335BF68F1CB65C8F00EE1177 /* MainScreen */,
			);
			name = ViewControllers;
			sourceTree = "<group>";
		};
		335BF68F1CB65C8F00EE1177 /* MainScreen */ = {
			isa = PBXGroup;
			children = (
				335BF6931CB65D0B00EE1177 /* MainScreen.swift */,
				335BF6941CB65D0B00EE1177 /* MainScreen.xib */,
			);
			name = MainScreen;
			sourceTree = "<group>";
		};
		335BF6A41CB6675500EE1177 /* Images */ = {
			isa = PBXGroup;
			children = (
				335BF6B91CB66BB600EE1177 /* main_menu_ranking_button.png */,
				335BF6BA1CB66BB600EE1177 /* main_menu_ranking_icon.png */,
				335BF6B51CB66B7500EE1177 /* main_menu_listen_button.png */,
				335BF6B61CB66B7500EE1177 /* main_menu_listen_icon.png */,
				335BF6B11CB66B3A00EE1177 /* main_menu_study_offline_button.png */,
				335BF6B21CB66B3A00EE1177 /* main_menu_study_offline_icon.png */,
				335BF6AD1CB66AD100EE1177 /* main_menu_examination_button.png */,
				335BF6AE1CB66AD100EE1177 /* main_menu_examination_icon.png */,
				335BF6A91CB6680400EE1177 /* main_menu_grammar_button.png */,
				335BF6AA1CB6680400EE1177 /* main_menu_grammar_icon.png */,
				335BF6A51CB6676500EE1177 /* main_menu_bg.png */,
				335BF6A61CB6676500EE1177 /* main_menu_header.png */,
			);
			name = Images;
			sourceTree = "<group>";
		};
		335BF6BD1CB69CA600EE1177 /* ListView */ = {
			isa = PBXGroup;
			children = (
				335BF6BE1CB69CEB00EE1177 /* ListView.swift */,
				335BF6BF1CB69CEB00EE1177 /* ListView.xib */,
			);
			name = ListView;
			sourceTree = "<group>";
		};
/* End PBXGroup section */

/* Begin PBXNativeTarget section */
		335BF6751CB657D500EE1177 /* English for all levels */ = {
			isa = PBXNativeTarget;
			buildConfigurationList = 335BF6881CB657D600EE1177 /* Build configuration list for PBXNativeTarget "English for all levels" */;
			buildPhases = (
				335BF6721CB657D500EE1177 /* Sources */,
				335BF6731CB657D500EE1177 /* Frameworks */,
				335BF6741CB657D500EE1177 /* Resources */,
			);
			buildRules = (
			);
			dependencies = (
			);
			name = "English for all levels";
			productName = "English for all levels";
			productReference = 335BF6761CB657D500EE1177 /* English for all levels.app */;
			productType = "com.apple.product-type.application";
		};
/* End PBXNativeTarget section */

/* Begin PBXProject section */
		335BF66E1CB657D500EE1177 /* Project object */ = {
			isa = PBXProject;
			attributes = {
				LastSwiftUpdateCheck = 0730;
				LastUpgradeCheck = 0730;
				ORGANIZATIONNAME = "Vo Quang Hoa";
				TargetAttributes = {
					335BF6751CB657D500EE1177 = {
						CreatedOnToolsVersion = 7.3;
					};
				};
			};
			buildConfigurationList = 335BF6711CB657D500EE1177 /* Build configuration list for PBXProject "English for all levels" */;
			compatibilityVersion = "Xcode 3.2";
			developmentRegion = English;
			hasScannedForEncodings = 0;
			knownRegions = (
				en,
				Base,
			);
			mainGroup = 335BF66D1CB657D500EE1177;
			productRefGroup = 335BF6771CB657D500EE1177 /* Products */;
			projectDirPath = "";
			projectRoot = "";
			targets = (
				335BF6751CB657D500EE1177 /* English for all levels */,
			);
		};
/* End PBXProject section */

/* Begin PBXResourcesBuildPhase section */
		335BF6741CB657D500EE1177 /* Resources */ = {
			isa = PBXResourcesBuildPhase;
			buildActionMask = 2147483647;
			files = (
				335BF69B1CB662F600EE1177 /* Main.storyboard in Resources */,
				335BF6B71CB66B7500EE1177 /* main_menu_listen_button.png in Resources */,
				335BF6AB1CB6680400EE1177 /* main_menu_grammar_button.png in Resources */,
				335BF6C11CB69CEB00EE1177 /* ListView.xib in Resources */,
				335BF6B31CB66B3A00EE1177 /* main_menu_study_offline_button.png in Resources */,
				335BF6B01CB66AD100EE1177 /* main_menu_examination_icon.png in Resources */,
				335BF6AF1CB66AD100EE1177 /* main_menu_examination_button.png in Resources */,
				333795511CB7AC75002444F0 /* data.json in Resources */,
				335BF6BB1CB66BB600EE1177 /* main_menu_ranking_button.png in Resources */,
				335BF6BC1CB66BB600EE1177 /* main_menu_ranking_icon.png in Resources */,
				335BF69A1CB662F600EE1177 /* LaunchScreen.storyboard in Resources */,
				333795531CB7B19C002444F0 /* assets in Resources */,
				335BF6A81CB6676500EE1177 /* main_menu_header.png in Resources */,
				335BF6AC1CB6680400EE1177 /* main_menu_grammar_icon.png in Resources */,
				335BF6B81CB66B7500EE1177 /* main_menu_listen_icon.png in Resources */,
				335BF6B41CB66B3A00EE1177 /* main_menu_study_offline_icon.png in Resources */,
				335BF6811CB657D600EE1177 /* Assets.xcassets in Resources */,
				335BF6A71CB6676500EE1177 /* main_menu_bg.png in Resources */,
				335BF6961CB65D0B00EE1177 /* MainScreen.xib in Resources */,
			);
			runOnlyForDeploymentPostprocessing = 0;
		};
/* End PBXResourcesBuildPhase section */

/* Begin PBXSourcesBuildPhase section */
		335BF6721CB657D500EE1177 /* Sources */ = {
			isa = PBXSourcesBuildPhase;
			buildActionMask = 2147483647;
			files = (
				335BF6C01CB69CEB00EE1177 /* ListView.swift in Sources */,
				335BF69C1CB662F600EE1177 /* ViewController.swift in Sources */,
				335BF6951CB65D0B00EE1177 /* MainScreen.swift in Sources */,
				335BF67A1CB657D500EE1177 /* AppDelegate.swift in Sources */,
				335B573F1CB6A70D0070D090 /* AssertDataController.swift in Sources */,
			);
			runOnlyForDeploymentPostprocessing = 0;
		};
/* End PBXSourcesBuildPhase section */

/* Begin XCBuildConfiguration section */
		335BF6861CB657D600EE1177 /* Debug */ = {
			isa = XCBuildConfiguration;
			buildSettings = {
				ALWAYS_SEARCH_USER_PATHS = NO;
				CLANG_ANALYZER_NONNULL = YES;
				CLANG_CXX_LANGUAGE_STANDARD = "gnu++0x";
				CLANG_CXX_LIBRARY = "libc++";
				CLANG_ENABLE_MODULES = YES;
				CLANG_ENABLE_OBJC_ARC = YES;
				CLANG_WARN_BOOL_CONVERSION = YES;
				CLANG_WARN_CONSTANT_CONVERSION = YES;
				CLANG_WARN_DIRECT_OBJC_ISA_USAGE = YES_ERROR;
				CLANG_WARN_EMPTY_BODY = YES;
				CLANG_WARN_ENUM_CONVERSION = YES;
				CLANG_WARN_INT_CONVERSION = YES;
				CLANG_WARN_OBJC_ROOT_CLASS = YES_ERROR;
				CLANG_WARN_UNREACHABLE_CODE = YES;
				CLANG_WARN__DUPLICATE_METHOD_MATCH = YES;
				"CODE_SIGN_IDENTITY[sdk=iphoneos*]" = "iPhone Developer";
				COPY_PHASE_STRIP = NO;
				DEBUG_INFORMATION_FORMAT = dwarf;
				ENABLE_STRICT_OBJC_MSGSEND = YES;
				ENABLE_TESTABILITY = YES;
				GCC_C_LANGUAGE_STANDARD = gnu99;
				GCC_DYNAMIC_NO_PIC = NO;
				GCC_NO_COMMON_BLOCKS = YES;
				GCC_OPTIMIZATION_LEVEL = 0;
				GCC_PREPROCESSOR_DEFINITIONS = (
					"DEBUG=1",
					"$(inherited)",
				);
				GCC_WARN_64_TO_32_BIT_CONVERSION = YES;
				GCC_WARN_ABOUT_RETURN_TYPE = YES_ERROR;
				GCC_WARN_UNDECLARED_SELECTOR = YES;
				GCC_WARN_UNINITIALIZED_AUTOS = YES_AGGRESSIVE;
				GCC_WARN_UNUSED_FUNCTION = YES;
				GCC_WARN_UNUSED_VARIABLE = YES;
				IPHONEOS_DEPLOYMENT_TARGET = 9.3;
				MTL_ENABLE_DEBUG_INFO = YES;
				ONLY_ACTIVE_ARCH = YES;
				SDKROOT = iphoneos;
				SWIFT_OPTIMIZATION_LEVEL = "-Onone";
			};
			name = Debug;
		};
		335BF6871CB657D600EE1177 /* Release */ = {
			isa = XCBuildConfiguration;
			buildSettings = {
				ALWAYS_SEARCH_USER_PATHS = NO;
				CLANG_ANALYZER_NONNULL = YES;
				CLANG_CXX_LANGUAGE_STANDARD = "gnu++0x";
				CLANG_CXX_LIBRARY = "libc++";
				CLANG_ENABLE_MODULES = YES;
				CLANG_ENABLE_OBJC_ARC = YES;
				CLANG_WARN_BOOL_CONVERSION = YES;
				CLANG_WARN_CONSTANT_CONVERSION = YES;
				CLANG_WARN_DIRECT_OBJC_ISA_USAGE = YES_ERROR;
				CLANG_WARN_EMPTY_BODY = YES;
				CLANG_WARN_ENUM_CONVERSION = YES;
				CLANG_WARN_INT_CONVERSION = YES;
				CLANG_WARN_OBJC_ROOT_CLASS = YES_ERROR;
				CLANG_WARN_UNREACHABLE_CODE = YES;
				CLANG_WARN__DUPLICATE_METHOD_MATCH = YES;
				"CODE_SIGN_IDENTITY[sdk=iphoneos*]" = "iPhone Developer";
				COPY_PHASE_STRIP = NO;
				DEBUG_INFORMATION_FORMAT = "dwarf-with-dsym";
				ENABLE_NS_ASSERTIONS = NO;
				ENABLE_STRICT_OBJC_MSGSEND = YES;
				GCC_C_LANGUAGE_STANDARD = gnu99;
				GCC_NO_COMMON_BLOCKS = YES;
				GCC_WARN_64_TO_32_BIT_CONVERSION = YES;
				GCC_WARN_ABOUT_RETURN_TYPE = YES_ERROR;
				GCC_WARN_UNDECLARED_SELECTOR = YES;
				GCC_WARN_UNINITIALIZED_AUTOS = YES_AGGRESSIVE;
				GCC_WARN_UNUSED_FUNCTION = YES;
				GCC_WARN_UNUSED_VARIABLE = YES;
				IPHONEOS_DEPLOYMENT_TARGET = 9.3;
				MTL_ENABLE_DEBUG_INFO = NO;
				SDKROOT = iphoneos;
				VALIDATE_PRODUCT = YES;
			};
			name = Release;
		};
		335BF6891CB657D600EE1177 /* Debug */ = {
			isa = XCBuildConfiguration;
			buildSettings = {
				ASSETCATALOG_COMPILER_APPICON_NAME = AppIcon;
				INFOPLIST_FILE = "English for all levels/Info.plist";
				LD_RUNPATH_SEARCH_PATHS = "$(inherited) @executable_path/Frameworks";
				PRODUCT_BUNDLE_IDENTIFIER = "quanghoa.English-for-all-levels";
				PRODUCT_NAME = "$(TARGET_NAME)";
			};
			name = Debug;
		};
		335BF68A1CB657D600EE1177 /* Release */ = {
			isa = XCBuildConfiguration;
			buildSettings = {
				ASSETCATALOG_COMPILER_APPICON_NAME = AppIcon;
				INFOPLIST_FILE = "English for all levels/Info.plist";
				LD_RUNPATH_SEARCH_PATHS = "$(inherited) @executable_path/Frameworks";
				PRODUCT_BUNDLE_IDENTIFIER = "quanghoa.English-for-all-levels";
				PRODUCT_NAME = "$(TARGET_NAME)";
			};
			name = Release;
		};
/* End XCBuildConfiguration section */

/* Begin XCConfigurationList section */
		335BF6711CB657D500EE1177 /* Build configuration list for PBXProject "English for all levels" */ = {
			isa = XCConfigurationList;
			buildConfigurations = (
				335BF6861CB657D600EE1177 /* Debug */,
				335BF6871CB657D600EE1177 /* Release */,
			);
			defaultConfigurationIsVisible = 0;
			defaultConfigurationName = Release;
		};
		335BF6881CB657D600EE1177 /* Build configuration list for PBXNativeTarget "English for all levels" */ = {
			isa = XCConfigurationList;
			buildConfigurations = (
				335BF6891CB657D600EE1177 /* Debug */,
				335BF68A1CB657D600EE1177 /* Release */,
			);
			defaultConfigurationIsVisible = 0;
			defaultConfigurationName = Release;
		};
/* End XCConfigurationList section */
	};
	rootObject = 335BF66E1CB657D500EE1177 /* Project object */;
}
