// !$*UTF8*$!
{
	archiveVersion = 1;
	classes = {
	};
	objectVersion = 46;
	objects = {

/* Begin PBXBuildFile section */
		330697821CCA28FE0055B3CA /* UserResultController.swift in Sources */ = {isa = PBXBuildFile; fileRef = 330697811CCA28FE0055B3CA /* UserResultController.swift */; };
		330697841CCA29810055B3CA /* UserResult.swift in Sources */ = {isa = PBXBuildFile; fileRef = 330697831CCA29810055B3CA /* UserResult.swift */; };
		330697861CCA2CD60055B3CA /* JSONSerializer.swift in Sources */ = {isa = PBXBuildFile; fileRef = 330697851CCA2CD60055B3CA /* JSONSerializer.swift */; };
		331073321CBB94EE004E11A7 /* ContentController.swift in Sources */ = {isa = PBXBuildFile; fileRef = 331073311CBB94EE004E11A7 /* ContentController.swift */; };
		3310E68A1CB805370021B8FE /* DataItem.swift in Sources */ = {isa = PBXBuildFile; fileRef = 3310E6891CB805370021B8FE /* DataItem.swift */; };
		333795531CB7B19C002444F0 /* assets in Resources */ = {isa = PBXBuildFile; fileRef = 333795521CB7B19B002444F0 /* assets */; };
		333FA87A1CC48D8200B05A4C /* DLRadioButton.m in Sources */ = {isa = PBXBuildFile; fileRef = 333FA8791CC48D8200B05A4C /* DLRadioButton.m */; };
		3344A3D61CCDC095000F658F /* main_menu_level_a1_button.png in Resources */ = {isa = PBXBuildFile; fileRef = 3344A3D11CCDC094000F658F /* main_menu_level_a1_button.png */; };
		3344A3D71CCDC095000F658F /* main_menu_level_a2_button.png in Resources */ = {isa = PBXBuildFile; fileRef = 3344A3D21CCDC095000F658F /* main_menu_level_a2_button.png */; };
		3344A3D81CCDC095000F658F /* main_menu_level_b1_button.png in Resources */ = {isa = PBXBuildFile; fileRef = 3344A3D31CCDC095000F658F /* main_menu_level_b1_button.png */; };
		3344A3D91CCDC095000F658F /* main_menu_level_b2_button.png in Resources */ = {isa = PBXBuildFile; fileRef = 3344A3D41CCDC095000F658F /* main_menu_level_b2_button.png */; };
		3344A3DA1CCDC095000F658F /* main_menu_level_c1_button.png in Resources */ = {isa = PBXBuildFile; fileRef = 3344A3D51CCDC095000F658F /* main_menu_level_c1_button.png */; };
		3344A3DC1CCDC1B9000F658F /* main_menu_listen_button.png in Resources */ = {isa = PBXBuildFile; fileRef = 3344A3DB1CCDC1B9000F658F /* main_menu_listen_button.png */; };
		3352B7D21CB95599003F3C34 /* back_button.png in Resources */ = {isa = PBXBuildFile; fileRef = 3352B7C51CB95599003F3C34 /* back_button.png */; };
		3352B7D31CB95599003F3C34 /* main_menu_bg.png in Resources */ = {isa = PBXBuildFile; fileRef = 3352B7C61CB95599003F3C34 /* main_menu_bg.png */; };
		3352B7D81CB95599003F3C34 /* main_menu_header.png in Resources */ = {isa = PBXBuildFile; fileRef = 3352B7CB1CB95599003F3C34 /* main_menu_header.png */; };
		3352B7E01CB955BB003F3C34 /* listview_background.png in Resources */ = {isa = PBXBuildFile; fileRef = 3352B7DF1CB955BB003F3C34 /* listview_background.png */; };
		335AEFFA1CBD5AF500849B89 /* DownloadViewController.swift in Sources */ = {isa = PBXBuildFile; fileRef = 335AEFF91CBD5AF500849B89 /* DownloadViewController.swift */; };
		335BF6811CB657D600EE1177 /* Assets.xcassets in Resources */ = {isa = PBXBuildFile; fileRef = 335BF6801CB657D600EE1177 /* Assets.xcassets */; };
		335BF6C01CB69CEB00EE1177 /* ListView.swift in Sources */ = {isa = PBXBuildFile; fileRef = 335BF6BE1CB69CEB00EE1177 /* ListView.swift */; };
		335BF6C11CB69CEB00EE1177 /* ListView.xib in Resources */ = {isa = PBXBuildFile; fileRef = 335BF6BF1CB69CEB00EE1177 /* ListView.xib */; };
		336CE3C71CBB441F000380A4 /* LaunchScreen.storyboard in Resources */ = {isa = PBXBuildFile; fileRef = 336CE3C61CBB441F000380A4 /* LaunchScreen.storyboard */; };
		336CE3CB1CBB4E40000380A4 /* ViewUtils.swift in Sources */ = {isa = PBXBuildFile; fileRef = 336CE3CA1CBB4E40000380A4 /* ViewUtils.swift */; };
		336CE3CF1CBB5098000380A4 /* Lesson.swift in Sources */ = {isa = PBXBuildFile; fileRef = 336CE3CD1CBB5098000380A4 /* Lesson.swift */; };
		336CE3D01CBB5098000380A4 /* Lesson.xib in Resources */ = {isa = PBXBuildFile; fileRef = 336CE3CE1CBB5098000380A4 /* Lesson.xib */; };
		336CE3D41CBB521D000380A4 /* quiz_background.png in Resources */ = {isa = PBXBuildFile; fileRef = 336CE3D31CBB521D000380A4 /* quiz_background.png */; };
		336CE3D71CBB54BD000380A4 /* LessonViewCell.swift in Sources */ = {isa = PBXBuildFile; fileRef = 336CE3D51CBB54BD000380A4 /* LessonViewCell.swift */; };
		336CE3D81CBB54BD000380A4 /* LessonViewCell.xib in Resources */ = {isa = PBXBuildFile; fileRef = 336CE3D61CBB54BD000380A4 /* LessonViewCell.xib */; };
		336CE3DA1CBB5584000380A4 /* Question.swift in Sources */ = {isa = PBXBuildFile; fileRef = 336CE3D91CBB5584000380A4 /* Question.swift */; };
		336CE3DC1CBB56A1000380A4 /* TestContent.swift in Sources */ = {isa = PBXBuildFile; fileRef = 336CE3DB1CBB56A1000380A4 /* TestContent.swift */; };
		33779D7C1CC9D98A0093A0AD /* finish.png in Resources */ = {isa = PBXBuildFile; fileRef = 33779D7B1CC9D98A0093A0AD /* finish.png */; };
		33892EBA1CC7D06F00E4A5FD /* splash.png in Resources */ = {isa = PBXBuildFile; fileRef = 33892EB91CC7D06F00E4A5FD /* splash.png */; };
		33892EBD1CC7D7D200E4A5FD /* CategoryCell.swift in Sources */ = {isa = PBXBuildFile; fileRef = 33892EBB1CC7D7D200E4A5FD /* CategoryCell.swift */; };
		33892EBE1CC7D7D200E4A5FD /* CategoryCell.xib in Resources */ = {isa = PBXBuildFile; fileRef = 33892EBC1CC7D7D200E4A5FD /* CategoryCell.xib */; };
		33892EC11CC7D88D00E4A5FD /* QuestionCell.swift in Sources */ = {isa = PBXBuildFile; fileRef = 33892EBF1CC7D88D00E4A5FD /* QuestionCell.swift */; };
		33892EC21CC7D88D00E4A5FD /* QuestionCell.xib in Resources */ = {isa = PBXBuildFile; fileRef = 33892EC01CC7D88D00E4A5FD /* QuestionCell.xib */; };
		33892EC41CC86DC000E4A5FD /* QuestionHelper.swift in Sources */ = {isa = PBXBuildFile; fileRef = 33892EC31CC86DC000E4A5FD /* QuestionHelper.swift */; };
		3389D5051CC4E9E0003594FF /* GoogleAdsHelper.swift in Sources */ = {isa = PBXBuildFile; fileRef = 3389D5041CC4E9E0003594FF /* GoogleAdsHelper.swift */; };
		33B5CDD81CB8B6AE00A4FB79 /* DataItemUITableViewCell.swift in Sources */ = {isa = PBXBuildFile; fileRef = 33B5CDD61CB8B6AE00A4FB79 /* DataItemUITableViewCell.swift */; };
		33B5CDD91CB8B6AE00A4FB79 /* DataItemUITableViewCell.xib in Resources */ = {isa = PBXBuildFile; fileRef = 33B5CDD71CB8B6AE00A4FB79 /* DataItemUITableViewCell.xib */; };
		33BF836D1CB9DCE500FFDAD5 /* button_listview1.png in Resources */ = {isa = PBXBuildFile; fileRef = 33BF836B1CB9DCE500FFDAD5 /* button_listview1.png */; };
		33BF836E1CB9DCE500FFDAD5 /* button_listview2.png in Resources */ = {isa = PBXBuildFile; fileRef = 33BF836C1CB9DCE500FFDAD5 /* button_listview2.png */; };
		33C4BF1E1CCE025200094244 /* main_menu_grammar_button.png in Resources */ = {isa = PBXBuildFile; fileRef = 33C4BF1D1CCE025200094244 /* main_menu_grammar_button.png */; };
		33C9CBA01CBA983E004061EA /* AssertDataController.swift in Sources */ = {isa = PBXBuildFile; fileRef = 33C9CB9F1CBA983E004061EA /* AssertDataController.swift */; };
		33C9CBA31CBA9877004061EA /* MainScreen.swift in Sources */ = {isa = PBXBuildFile; fileRef = 33C9CBA11CBA9877004061EA /* MainScreen.swift */; };
		33C9CBA41CBA9877004061EA /* MainScreen.xib in Resources */ = {isa = PBXBuildFile; fileRef = 33C9CBA21CBA9877004061EA /* MainScreen.xib */; };
		33C9CBA71CBA98B3004061EA /* AppDelegate.swift in Sources */ = {isa = PBXBuildFile; fileRef = 33C9CBA61CBA98B3004061EA /* AppDelegate.swift */; };
		33C9CBA91CBA9E57004061EA /* HttpDownloader.swift in Sources */ = {isa = PBXBuildFile; fileRef = 33C9CBA81CBA9E57004061EA /* HttpDownloader.swift */; };
		33E4E39D1CC93D9D00E4E321 /* submit.png in Resources */ = {isa = PBXBuildFile; fileRef = 33E4E39C1CC93D9D00E4E321 /* submit.png */; };
		33F657A31CCB259A001DBD4C /* correct.png in Resources */ = {isa = PBXBuildFile; fileRef = 33F657A11CCB259A001DBD4C /* correct.png */; };
		33F657A41CCB259A001DBD4C /* incorrect.png in Resources */ = {isa = PBXBuildFile; fileRef = 33F657A21CCB259A001DBD4C /* incorrect.png */; };
		AB53DB1D97093DD34947DDE1 /* libPods.a in Frameworks */ = {isa = PBXBuildFile; fileRef = 50C3B6750BF2E3B7F8B53621 /* libPods.a */; };
/* End PBXBuildFile section */

/* Begin PBXFileReference section */
		0BC22BB44E3FD87A00756CF0 /* Pods.debug.xcconfig */ = {isa = PBXFileReference; includeInIndex = 1; lastKnownFileType = text.xcconfig; name = Pods.debug.xcconfig; path = "Pods/Target Support Files/Pods/Pods.debug.xcconfig"; sourceTree = "<group>"; };
		330697811CCA28FE0055B3CA /* UserResultController.swift */ = {isa = PBXFileReference; fileEncoding = 4; lastKnownFileType = sourcecode.swift; name = UserResultController.swift; path = Controllers/UserResultController.swift; sourceTree = "<group>"; };
		330697831CCA29810055B3CA /* UserResult.swift */ = {isa = PBXFileReference; fileEncoding = 4; lastKnownFileType = sourcecode.swift; name = UserResult.swift; path = AppModel/UserResult.swift; sourceTree = "<group>"; };
		330697851CCA2CD60055B3CA /* JSONSerializer.swift */ = {isa = PBXFileReference; fileEncoding = 4; lastKnownFileType = sourcecode.swift; name = JSONSerializer.swift; path = Utils/JSONSerializer.swift; sourceTree = "<group>"; };
		331073311CBB94EE004E11A7 /* ContentController.swift */ = {isa = PBXFileReference; fileEncoding = 4; lastKnownFileType = sourcecode.swift; name = ContentController.swift; path = Controllers/ContentController.swift; sourceTree = "<group>"; };
		3310E6891CB805370021B8FE /* DataItem.swift */ = {isa = PBXFileReference; fileEncoding = 4; lastKnownFileType = sourcecode.swift; name = DataItem.swift; path = AppModel/DataItem.swift; sourceTree = "<group>"; };
		333795521CB7B19B002444F0 /* assets */ = {isa = PBXFileReference; lastKnownFileType = folder; path = assets; sourceTree = "<group>"; };
		333FA8771CC48D8100B05A4C /* English for all levels-Bridging-Header.h */ = {isa = PBXFileReference; lastKnownFileType = sourcecode.c.h; path = "English for all levels-Bridging-Header.h"; sourceTree = "<group>"; };
		333FA8781CC48D8200B05A4C /* DLRadioButton.h */ = {isa = PBXFileReference; fileEncoding = 4; lastKnownFileType = sourcecode.c.h; name = DLRadioButton.h; path = Control/DLRadioButton.h; sourceTree = "<group>"; };
		333FA8791CC48D8200B05A4C /* DLRadioButton.m */ = {isa = PBXFileReference; fileEncoding = 4; lastKnownFileType = sourcecode.c.objc; name = DLRadioButton.m; path = Control/DLRadioButton.m; sourceTree = "<group>"; };
		3344A3D11CCDC094000F658F /* main_menu_level_a1_button.png */ = {isa = PBXFileReference; lastKnownFileType = image.png; name = main_menu_level_a1_button.png; path = Images/main_menu_level_a1_button.png; sourceTree = "<group>"; };
		3344A3D21CCDC095000F658F /* main_menu_level_a2_button.png */ = {isa = PBXFileReference; lastKnownFileType = image.png; name = main_menu_level_a2_button.png; path = Images/main_menu_level_a2_button.png; sourceTree = "<group>"; };
		3344A3D31CCDC095000F658F /* main_menu_level_b1_button.png */ = {isa = PBXFileReference; lastKnownFileType = image.png; name = main_menu_level_b1_button.png; path = Images/main_menu_level_b1_button.png; sourceTree = "<group>"; };
		3344A3D41CCDC095000F658F /* main_menu_level_b2_button.png */ = {isa = PBXFileReference; lastKnownFileType = image.png; name = main_menu_level_b2_button.png; path = Images/main_menu_level_b2_button.png; sourceTree = "<group>"; };
		3344A3D51CCDC095000F658F /* main_menu_level_c1_button.png */ = {isa = PBXFileReference; lastKnownFileType = image.png; name = main_menu_level_c1_button.png; path = Images/main_menu_level_c1_button.png; sourceTree = "<group>"; };
		3344A3DB1CCDC1B9000F658F /* main_menu_listen_button.png */ = {isa = PBXFileReference; lastKnownFileType = image.png; name = main_menu_listen_button.png; path = Images/main_menu_listen_button.png; sourceTree = "<group>"; };
		3352B7C51CB95599003F3C34 /* back_button.png */ = {isa = PBXFileReference; lastKnownFileType = image.png; name = back_button.png; path = Images/back_button.png; sourceTree = "<group>"; };
		3352B7C61CB95599003F3C34 /* main_menu_bg.png */ = {isa = PBXFileReference; lastKnownFileType = image.png; name = main_menu_bg.png; path = Images/main_menu_bg.png; sourceTree = "<group>"; };
		3352B7CB1CB95599003F3C34 /* main_menu_header.png */ = {isa = PBXFileReference; lastKnownFileType = image.png; name = main_menu_header.png; path = Images/main_menu_header.png; sourceTree = "<group>"; };
		3352B7DF1CB955BB003F3C34 /* listview_background.png */ = {isa = PBXFileReference; lastKnownFileType = image.png; name = listview_background.png; path = Images/listview_background.png; sourceTree = "<group>"; };
		335AEFF91CBD5AF500849B89 /* DownloadViewController.swift */ = {isa = PBXFileReference; fileEncoding = 4; lastKnownFileType = sourcecode.swift; name = DownloadViewController.swift; path = ViewControllers/Base/DownloadViewController.swift; sourceTree = "<group>"; };
		335BF6761CB657D500EE1177 /* English for all levels.app */ = {isa = PBXFileReference; explicitFileType = wrapper.application; includeInIndex = 0; path = "English for all levels.app"; sourceTree = BUILT_PRODUCTS_DIR; };
		335BF6801CB657D600EE1177 /* Assets.xcassets */ = {isa = PBXFileReference; lastKnownFileType = folder.assetcatalog; path = Assets.xcassets; sourceTree = "<group>"; };
		335BF6851CB657D600EE1177 /* Info.plist */ = {isa = PBXFileReference; lastKnownFileType = text.plist.xml; path = Info.plist; sourceTree = "<group>"; };
		335BF6BE1CB69CEB00EE1177 /* ListView.swift */ = {isa = PBXFileReference; fileEncoding = 4; lastKnownFileType = sourcecode.swift; name = ListView.swift; path = ViewControllers/ListView/ListView.swift; sourceTree = "<group>"; };
		335BF6BF1CB69CEB00EE1177 /* ListView.xib */ = {isa = PBXFileReference; fileEncoding = 4; lastKnownFileType = file.xib; name = ListView.xib; path = ViewControllers/ListView/ListView.xib; sourceTree = "<group>"; };
		336CE3C61CBB441F000380A4 /* LaunchScreen.storyboard */ = {isa = PBXFileReference; fileEncoding = 4; lastKnownFileType = file.storyboard; name = LaunchScreen.storyboard; path = LaunchScreen/LaunchScreen.storyboard; sourceTree = "<group>"; };
		336CE3CA1CBB4E40000380A4 /* ViewUtils.swift */ = {isa = PBXFileReference; fileEncoding = 4; lastKnownFileType = sourcecode.swift; name = ViewUtils.swift; path = Utils/ViewUtils.swift; sourceTree = "<group>"; };
		336CE3CD1CBB5098000380A4 /* Lesson.swift */ = {isa = PBXFileReference; fileEncoding = 4; lastKnownFileType = sourcecode.swift; name = Lesson.swift; path = ViewControllers/Lesson/Lesson.swift; sourceTree = "<group>"; };
		336CE3CE1CBB5098000380A4 /* Lesson.xib */ = {isa = PBXFileReference; fileEncoding = 4; lastKnownFileType = file.xib; name = Lesson.xib; path = ViewControllers/Lesson/Lesson.xib; sourceTree = "<group>"; };
		336CE3D31CBB521D000380A4 /* quiz_background.png */ = {isa = PBXFileReference; lastKnownFileType = image.png; name = quiz_background.png; path = Images/quiz_background.png; sourceTree = "<group>"; };
		336CE3D51CBB54BD000380A4 /* LessonViewCell.swift */ = {isa = PBXFileReference; fileEncoding = 4; lastKnownFileType = sourcecode.swift; name = LessonViewCell.swift; path = ViewControllers/Lesson/LessonViewCell.swift; sourceTree = "<group>"; };
		336CE3D61CBB54BD000380A4 /* LessonViewCell.xib */ = {isa = PBXFileReference; fileEncoding = 4; lastKnownFileType = file.xib; name = LessonViewCell.xib; path = ViewControllers/Lesson/LessonViewCell.xib; sourceTree = "<group>"; };
		336CE3D91CBB5584000380A4 /* Question.swift */ = {isa = PBXFileReference; fileEncoding = 4; lastKnownFileType = sourcecode.swift; name = Question.swift; path = AppModel/Question.swift; sourceTree = "<group>"; };
		336CE3DB1CBB56A1000380A4 /* TestContent.swift */ = {isa = PBXFileReference; fileEncoding = 4; lastKnownFileType = sourcecode.swift; name = TestContent.swift; path = AppModel/TestContent.swift; sourceTree = "<group>"; };
		33779D7B1CC9D98A0093A0AD /* finish.png */ = {isa = PBXFileReference; lastKnownFileType = image.png; name = finish.png; path = Images/finish.png; sourceTree = "<group>"; };
		33892EB91CC7D06F00E4A5FD /* splash.png */ = {isa = PBXFileReference; lastKnownFileType = image.png; name = splash.png; path = Images/splash.png; sourceTree = "<group>"; };
		33892EBB1CC7D7D200E4A5FD /* CategoryCell.swift */ = {isa = PBXFileReference; fileEncoding = 4; lastKnownFileType = sourcecode.swift; name = CategoryCell.swift; path = ViewControllers/Lesson/CategoryCell.swift; sourceTree = "<group>"; };
		33892EBC1CC7D7D200E4A5FD /* CategoryCell.xib */ = {isa = PBXFileReference; fileEncoding = 4; lastKnownFileType = file.xib; name = CategoryCell.xib; path = ViewControllers/Lesson/CategoryCell.xib; sourceTree = "<group>"; };
		33892EBF1CC7D88D00E4A5FD /* QuestionCell.swift */ = {isa = PBXFileReference; fileEncoding = 4; lastKnownFileType = sourcecode.swift; name = QuestionCell.swift; path = ViewControllers/Lesson/QuestionCell.swift; sourceTree = "<group>"; };
		33892EC01CC7D88D00E4A5FD /* QuestionCell.xib */ = {isa = PBXFileReference; fileEncoding = 4; lastKnownFileType = file.xib; name = QuestionCell.xib; path = ViewControllers/Lesson/QuestionCell.xib; sourceTree = "<group>"; };
		33892EC31CC86DC000E4A5FD /* QuestionHelper.swift */ = {isa = PBXFileReference; fileEncoding = 4; lastKnownFileType = sourcecode.swift; name = QuestionHelper.swift; path = Utils/QuestionHelper.swift; sourceTree = "<group>"; };
		3389D5041CC4E9E0003594FF /* GoogleAdsHelper.swift */ = {isa = PBXFileReference; fileEncoding = 4; lastKnownFileType = sourcecode.swift; name = GoogleAdsHelper.swift; path = Utils/GoogleAdsHelper.swift; sourceTree = "<group>"; };
		33B5CDD61CB8B6AE00A4FB79 /* DataItemUITableViewCell.swift */ = {isa = PBXFileReference; fileEncoding = 4; lastKnownFileType = sourcecode.swift; name = DataItemUITableViewCell.swift; path = ViewControllers/ListView/DataItemUITableViewCell.swift; sourceTree = "<group>"; };
		33B5CDD71CB8B6AE00A4FB79 /* DataItemUITableViewCell.xib */ = {isa = PBXFileReference; fileEncoding = 4; lastKnownFileType = file.xib; name = DataItemUITableViewCell.xib; path = ViewControllers/ListView/DataItemUITableViewCell.xib; sourceTree = "<group>"; };
		33BF836B1CB9DCE500FFDAD5 /* button_listview1.png */ = {isa = PBXFileReference; lastKnownFileType = image.png; name = button_listview1.png; path = Images/button_listview1.png; sourceTree = "<group>"; };
		33BF836C1CB9DCE500FFDAD5 /* button_listview2.png */ = {isa = PBXFileReference; lastKnownFileType = image.png; name = button_listview2.png; path = Images/button_listview2.png; sourceTree = "<group>"; };
		33C4BF1D1CCE025200094244 /* main_menu_grammar_button.png */ = {isa = PBXFileReference; lastKnownFileType = image.png; name = main_menu_grammar_button.png; path = Images/main_menu_grammar_button.png; sourceTree = "<group>"; };
		33C9CB9F1CBA983E004061EA /* AssertDataController.swift */ = {isa = PBXFileReference; fileEncoding = 4; lastKnownFileType = sourcecode.swift; name = AssertDataController.swift; path = Controllers/AssertDataController.swift; sourceTree = "<group>"; };
		33C9CBA11CBA9877004061EA /* MainScreen.swift */ = {isa = PBXFileReference; fileEncoding = 4; lastKnownFileType = sourcecode.swift; name = MainScreen.swift; path = ViewControllers/MainScreen/MainScreen.swift; sourceTree = "<group>"; };
		33C9CBA21CBA9877004061EA /* MainScreen.xib */ = {isa = PBXFileReference; fileEncoding = 4; lastKnownFileType = file.xib; name = MainScreen.xib; path = ViewControllers/MainScreen/MainScreen.xib; sourceTree = "<group>"; };
		33C9CBA61CBA98B3004061EA /* AppDelegate.swift */ = {isa = PBXFileReference; fileEncoding = 4; lastKnownFileType = sourcecode.swift; name = AppDelegate.swift; path = AppDelegate/AppDelegate.swift; sourceTree = "<group>"; };
		33C9CBA81CBA9E57004061EA /* HttpDownloader.swift */ = {isa = PBXFileReference; fileEncoding = 4; lastKnownFileType = sourcecode.swift; name = HttpDownloader.swift; path = Controllers/HttpDownloader.swift; sourceTree = "<group>"; };
		33E4E39C1CC93D9D00E4E321 /* submit.png */ = {isa = PBXFileReference; lastKnownFileType = image.png; name = submit.png; path = Images/submit.png; sourceTree = "<group>"; };
		33F657A11CCB259A001DBD4C /* correct.png */ = {isa = PBXFileReference; lastKnownFileType = image.png; name = correct.png; path = Images/correct.png; sourceTree = "<group>"; };
		33F657A21CCB259A001DBD4C /* incorrect.png */ = {isa = PBXFileReference; lastKnownFileType = image.png; name = incorrect.png; path = Images/incorrect.png; sourceTree = "<group>"; };
		50C3B6750BF2E3B7F8B53621 /* libPods.a */ = {isa = PBXFileReference; explicitFileType = archive.ar; includeInIndex = 0; path = libPods.a; sourceTree = BUILT_PRODUCTS_DIR; };
		55852F2EC76297D88B1EAD61 /* Pods.release.xcconfig */ = {isa = PBXFileReference; includeInIndex = 1; lastKnownFileType = text.xcconfig; name = Pods.release.xcconfig; path = "Pods/Target Support Files/Pods/Pods.release.xcconfig"; sourceTree = "<group>"; };
/* End PBXFileReference section */

/* Begin PBXFrameworksBuildPhase section */
		335BF6731CB657D500EE1177 /* Frameworks */ = {
			isa = PBXFrameworksBuildPhase;
			buildActionMask = 2147483647;
			files = (
				AB53DB1D97093DD34947DDE1 /* libPods.a in Frameworks */,
			);
			runOnlyForDeploymentPostprocessing = 0;
		};
/* End PBXFrameworksBuildPhase section */

/* Begin PBXGroup section */
		3310E6881CB805180021B8FE /* AppModel */ = {
			isa = PBXGroup;
			children = (
				3310E6891CB805370021B8FE /* DataItem.swift */,
				336CE3D91CBB5584000380A4 /* Question.swift */,
				336CE3DB1CBB56A1000380A4 /* TestContent.swift */,
				330697831CCA29810055B3CA /* UserResult.swift */,
			);
			name = AppModel;
			sourceTree = "<group>";
		};
		333FA86F1CC48B7200B05A4C /* Control */ = {
			isa = PBXGroup;
			children = (
				333FA8781CC48D8200B05A4C /* DLRadioButton.h */,
				333FA8791CC48D8200B05A4C /* DLRadioButton.m */,
				333FA8771CC48D8100B05A4C /* English for all levels-Bridging-Header.h */,
			);
			name = Control;
			sourceTree = "<group>";
		};
		335AEFF81CBD5A9D00849B89 /* Base */ = {
			isa = PBXGroup;
			children = (
				335AEFF91CBD5AF500849B89 /* DownloadViewController.swift */,
			);
			name = Base;
			sourceTree = "<group>";
		};
		335B573D1CB6A6CB0070D090 /* Controllers */ = {
			isa = PBXGroup;
			children = (
				33C9CB9F1CBA983E004061EA /* AssertDataController.swift */,
				33C9CBA81CBA9E57004061EA /* HttpDownloader.swift */,
				331073311CBB94EE004E11A7 /* ContentController.swift */,
				330697811CCA28FE0055B3CA /* UserResultController.swift */,
			);
			name = Controllers;
			sourceTree = "<group>";
		};
		335BF66D1CB657D500EE1177 = {
			isa = PBXGroup;
			children = (
				335BF6781CB657D500EE1177 /* English for all levels */,
				335BF6771CB657D500EE1177 /* Products */,
				889D177063D09D97476DC52A /* Pods */,
				8213DADA9AD0025A54F6C544 /* Frameworks */,
			);
			sourceTree = "<group>";
		};
		335BF6771CB657D500EE1177 /* Products */ = {
			isa = PBXGroup;
			children = (
				335BF6761CB657D500EE1177 /* English for all levels.app */,
			);
			name = Products;
			sourceTree = "<group>";
		};
		335BF6781CB657D500EE1177 /* English for all levels */ = {
			isa = PBXGroup;
			children = (
				336CE3C91CBB4E23000380A4 /* Utils */,
				336CE3C51CBB440F000380A4 /* LaunchScreen */,
				33C9CBA51CBA98A6004061EA /* AppDelegate */,
				3310E6881CB805180021B8FE /* AppModel */,
				333795521CB7B19B002444F0 /* assets */,
				335B573D1CB6A6CB0070D090 /* Controllers */,
				335BF6A41CB6675500EE1177 /* Images */,
				335BF68E1CB65C2B00EE1177 /* ViewControllers */,
				335BF6801CB657D600EE1177 /* Assets.xcassets */,
				335BF6851CB657D600EE1177 /* Info.plist */,
			);
			path = "English for all levels";
			sourceTree = "<group>";
		};
		335BF68E1CB65C2B00EE1177 /* ViewControllers */ = {
			isa = PBXGroup;
			children = (
				335AEFF81CBD5A9D00849B89 /* Base */,
				336CE3CC1CBB5058000380A4 /* Lesson */,
				335BF6BD1CB69CA600EE1177 /* ListView */,
				335BF68F1CB65C8F00EE1177 /* MainScreen */,
			);
			name = ViewControllers;
			sourceTree = "<group>";
		};
		335BF68F1CB65C8F00EE1177 /* MainScreen */ = {
			isa = PBXGroup;
			children = (
				33C9CBA11CBA9877004061EA /* MainScreen.swift */,
				33C9CBA21CBA9877004061EA /* MainScreen.xib */,
			);
			name = MainScreen;
			sourceTree = "<group>";
		};
		335BF6A41CB6675500EE1177 /* Images */ = {
			isa = PBXGroup;
			children = (
				33C4BF1D1CCE025200094244 /* main_menu_grammar_button.png */,
				3344A3DB1CCDC1B9000F658F /* main_menu_listen_button.png */,
				3344A3D11CCDC094000F658F /* main_menu_level_a1_button.png */,
				3344A3D21CCDC095000F658F /* main_menu_level_a2_button.png */,
				3344A3D31CCDC095000F658F /* main_menu_level_b1_button.png */,
				3344A3D41CCDC095000F658F /* main_menu_level_b2_button.png */,
				3344A3D51CCDC095000F658F /* main_menu_level_c1_button.png */,
				33F657A11CCB259A001DBD4C /* correct.png */,
				33F657A21CCB259A001DBD4C /* incorrect.png */,
				33779D7B1CC9D98A0093A0AD /* finish.png */,
				33E4E39C1CC93D9D00E4E321 /* submit.png */,
				33892EB91CC7D06F00E4A5FD /* splash.png */,
				336CE3D31CBB521D000380A4 /* quiz_background.png */,
				33BF836B1CB9DCE500FFDAD5 /* button_listview1.png */,
				33BF836C1CB9DCE500FFDAD5 /* button_listview2.png */,
				3352B7DF1CB955BB003F3C34 /* listview_background.png */,
				3352B7C51CB95599003F3C34 /* back_button.png */,
				3352B7C61CB95599003F3C34 /* main_menu_bg.png */,
				3352B7CB1CB95599003F3C34 /* main_menu_header.png */,
			);
			name = Images;
			sourceTree = "<group>";
		};
		335BF6BD1CB69CA600EE1177 /* ListView */ = {
			isa = PBXGroup;
			children = (
				335BF6BE1CB69CEB00EE1177 /* ListView.swift */,
				335BF6BF1CB69CEB00EE1177 /* ListView.xib */,
				33B5CDD61CB8B6AE00A4FB79 /* DataItemUITableViewCell.swift */,
				33B5CDD71CB8B6AE00A4FB79 /* DataItemUITableViewCell.xib */,
			);
			name = ListView;
			sourceTree = "<group>";
		};
		336CE3C51CBB440F000380A4 /* LaunchScreen */ = {
			isa = PBXGroup;
			children = (
				336CE3C61CBB441F000380A4 /* LaunchScreen.storyboard */,
			);
			name = LaunchScreen;
			sourceTree = "<group>";
		};
		336CE3C91CBB4E23000380A4 /* Utils */ = {
			isa = PBXGroup;
			children = (
				333FA86F1CC48B7200B05A4C /* Control */,
				336CE3CA1CBB4E40000380A4 /* ViewUtils.swift */,
				3389D5041CC4E9E0003594FF /* GoogleAdsHelper.swift */,
				33892EC31CC86DC000E4A5FD /* QuestionHelper.swift */,
				330697851CCA2CD60055B3CA /* JSONSerializer.swift */,
			);
			name = Utils;
			sourceTree = "<group>";
		};
		336CE3CC1CBB5058000380A4 /* Lesson */ = {
			isa = PBXGroup;
			children = (
				336CE3CD1CBB5098000380A4 /* Lesson.swift */,
				336CE3CE1CBB5098000380A4 /* Lesson.xib */,
				336CE3D51CBB54BD000380A4 /* LessonViewCell.swift */,
				336CE3D61CBB54BD000380A4 /* LessonViewCell.xib */,
				33892EBB1CC7D7D200E4A5FD /* CategoryCell.swift */,
				33892EBC1CC7D7D200E4A5FD /* CategoryCell.xib */,
				33892EBF1CC7D88D00E4A5FD /* QuestionCell.swift */,
				33892EC01CC7D88D00E4A5FD /* QuestionCell.xib */,
			);
			name = Lesson;
			sourceTree = "<group>";
		};
		33C9CBA51CBA98A6004061EA /* AppDelegate */ = {
			isa = PBXGroup;
			children = (
				33C9CBA61CBA98B3004061EA /* AppDelegate.swift */,
			);
			name = AppDelegate;
			sourceTree = "<group>";
		};
		8213DADA9AD0025A54F6C544 /* Frameworks */ = {
			isa = PBXGroup;
			children = (
				50C3B6750BF2E3B7F8B53621 /* libPods.a */,
			);
			name = Frameworks;
			sourceTree = "<group>";
		};
		889D177063D09D97476DC52A /* Pods */ = {
			isa = PBXGroup;
			children = (
				0BC22BB44E3FD87A00756CF0 /* Pods.debug.xcconfig */,
				55852F2EC76297D88B1EAD61 /* Pods.release.xcconfig */,
			);
			name = Pods;
			sourceTree = "<group>";
		};
/* End PBXGroup section */

/* Begin PBXNativeTarget section */
		335BF6751CB657D500EE1177 /* English for all levels */ = {
			isa = PBXNativeTarget;
			buildConfigurationList = 335BF6881CB657D600EE1177 /* Build configuration list for PBXNativeTarget "English for all levels" */;
			buildPhases = (
				12AA290A7D4AF658D99647FA /* Check Pods Manifest.lock */,
				335BF6721CB657D500EE1177 /* Sources */,
				335BF6731CB657D500EE1177 /* Frameworks */,
				335BF6741CB657D500EE1177 /* Resources */,
				FD61FF12319712EB4A184F43 /* Embed Pods Frameworks */,
				AC067611E89F8098DA04D441 /* Copy Pods Resources */,
			);
			buildRules = (
			);
			dependencies = (
			);
			name = "English for all levels";
			productName = "English for all levels";
			productReference = 335BF6761CB657D500EE1177 /* English for all levels.app */;
			productType = "com.apple.product-type.application";
		};
/* End PBXNativeTarget section */

/* Begin PBXProject section */
		335BF66E1CB657D500EE1177 /* Project object */ = {
			isa = PBXProject;
			attributes = {
				LastSwiftUpdateCheck = 0730;
				LastUpgradeCheck = 0730;
				ORGANIZATIONNAME = "Vo Quang Hoa";
				TargetAttributes = {
					335BF6751CB657D500EE1177 = {
						CreatedOnToolsVersion = 7.3;
						DevelopmentTeam = 2PFRNM37GD;
					};
				};
			};
			buildConfigurationList = 335BF6711CB657D500EE1177 /* Build configuration list for PBXProject "English for all levels" */;
			compatibilityVersion = "Xcode 3.2";
			developmentRegion = English;
			hasScannedForEncodings = 0;
			knownRegions = (
				en,
				Base,
			);
			mainGroup = 335BF66D1CB657D500EE1177;
			productRefGroup = 335BF6771CB657D500EE1177 /* Products */;
			projectDirPath = "";
			projectRoot = "";
			targets = (
				335BF6751CB657D500EE1177 /* English for all levels */,
			);
		};
/* End PBXProject section */

/* Begin PBXResourcesBuildPhase section */
		335BF6741CB657D500EE1177 /* Resources */ = {
			isa = PBXResourcesBuildPhase;
			buildActionMask = 2147483647;
			files = (
				3344A3D61CCDC095000F658F /* main_menu_level_a1_button.png in Resources */,
				3352B7D81CB95599003F3C34 /* main_menu_header.png in Resources */,
				33E4E39D1CC93D9D00E4E321 /* submit.png in Resources */,
				335BF6C11CB69CEB00EE1177 /* ListView.xib in Resources */,
				3344A3DC1CCDC1B9000F658F /* main_menu_listen_button.png in Resources */,
				33BF836D1CB9DCE500FFDAD5 /* button_listview1.png in Resources */,
				33779D7C1CC9D98A0093A0AD /* finish.png in Resources */,
				33BF836E1CB9DCE500FFDAD5 /* button_listview2.png in Resources */,
				336CE3C71CBB441F000380A4 /* LaunchScreen.storyboard in Resources */,
				3344A3D91CCDC095000F658F /* main_menu_level_b2_button.png in Resources */,
				336CE3D81CBB54BD000380A4 /* LessonViewCell.xib in Resources */,
				33F657A31CCB259A001DBD4C /* correct.png in Resources */,
				336CE3D01CBB5098000380A4 /* Lesson.xib in Resources */,
				33892EBE1CC7D7D200E4A5FD /* CategoryCell.xib in Resources */,
				333795531CB7B19C002444F0 /* assets in Resources */,
				33C4BF1E1CCE025200094244 /* main_menu_grammar_button.png in Resources */,
				33B5CDD91CB8B6AE00A4FB79 /* DataItemUITableViewCell.xib in Resources */,
				3344A3DA1CCDC095000F658F /* main_menu_level_c1_button.png in Resources */,
				33C9CBA41CBA9877004061EA /* MainScreen.xib in Resources */,
				3352B7D31CB95599003F3C34 /* main_menu_bg.png in Resources */,
				3344A3D71CCDC095000F658F /* main_menu_level_a2_button.png in Resources */,
				33F657A41CCB259A001DBD4C /* incorrect.png in Resources */,
				335BF6811CB657D600EE1177 /* Assets.xcassets in Resources */,
				3352B7D21CB95599003F3C34 /* back_button.png in Resources */,
				3352B7E01CB955BB003F3C34 /* listview_background.png in Resources */,
				336CE3D41CBB521D000380A4 /* quiz_background.png in Resources */,
				33892EC21CC7D88D00E4A5FD /* QuestionCell.xib in Resources */,
				3344A3D81CCDC095000F658F /* main_menu_level_b1_button.png in Resources */,
				33892EBA1CC7D06F00E4A5FD /* splash.png in Resources */,
			);
			runOnlyForDeploymentPostprocessing = 0;
		};
/* End PBXResourcesBuildPhase section */

/* Begin PBXShellScriptBuildPhase section */
		12AA290A7D4AF658D99647FA /* Check Pods Manifest.lock */ = {
			isa = PBXShellScriptBuildPhase;
			buildActionMask = 2147483647;
			files = (
			);
			inputPaths = (
			);
			name = "Check Pods Manifest.lock";
			outputPaths = (
			);
			runOnlyForDeploymentPostprocessing = 0;
			shellPath = /bin/sh;
			shellScript = "diff \"${PODS_ROOT}/../Podfile.lock\" \"${PODS_ROOT}/Manifest.lock\" > /dev/null\nif [[ $? != 0 ]] ; then\n    cat << EOM\nerror: The sandbox is not in sync with the Podfile.lock. Run 'pod install' or update your CocoaPods installation.\nEOM\n    exit 1\nfi\n";
			showEnvVarsInLog = 0;
		};
		AC067611E89F8098DA04D441 /* Copy Pods Resources */ = {
			isa = PBXShellScriptBuildPhase;
			buildActionMask = 2147483647;
			files = (
			);
			inputPaths = (
			);
			name = "Copy Pods Resources";
			outputPaths = (
			);
			runOnlyForDeploymentPostprocessing = 0;
			shellPath = /bin/sh;
			shellScript = "\"${SRCROOT}/Pods/Target Support Files/Pods/Pods-resources.sh\"\n";
			showEnvVarsInLog = 0;
		};
		FD61FF12319712EB4A184F43 /* Embed Pods Frameworks */ = {
			isa = PBXShellScriptBuildPhase;
			buildActionMask = 2147483647;
			files = (
			);
			inputPaths = (
			);
			name = "Embed Pods Frameworks";
			outputPaths = (
			);
			runOnlyForDeploymentPostprocessing = 0;
			shellPath = /bin/sh;
			shellScript = "\"${SRCROOT}/Pods/Target Support Files/Pods/Pods-frameworks.sh\"\n";
			showEnvVarsInLog = 0;
		};
/* End PBXShellScriptBuildPhase section */

/* Begin PBXSourcesBuildPhase section */
		335BF6721CB657D500EE1177 /* Sources */ = {
			isa = PBXSourcesBuildPhase;
			buildActionMask = 2147483647;
			files = (
				33892EBD1CC7D7D200E4A5FD /* CategoryCell.swift in Sources */,
				336CE3CF1CBB5098000380A4 /* Lesson.swift in Sources */,
				333FA87A1CC48D8200B05A4C /* DLRadioButton.m in Sources */,
				330697821CCA28FE0055B3CA /* UserResultController.swift in Sources */,
				33C9CBA91CBA9E57004061EA /* HttpDownloader.swift in Sources */,
				330697841CCA29810055B3CA /* UserResult.swift in Sources */,
				336CE3D71CBB54BD000380A4 /* LessonViewCell.swift in Sources */,
				331073321CBB94EE004E11A7 /* ContentController.swift in Sources */,
				3389D5051CC4E9E0003594FF /* GoogleAdsHelper.swift in Sources */,
				336CE3DC1CBB56A1000380A4 /* TestContent.swift in Sources */,
				335BF6C01CB69CEB00EE1177 /* ListView.swift in Sources */,
				33C9CBA31CBA9877004061EA /* MainScreen.swift in Sources */,
				33892EC41CC86DC000E4A5FD /* QuestionHelper.swift in Sources */,
				330697861CCA2CD60055B3CA /* JSONSerializer.swift in Sources */,
				3310E68A1CB805370021B8FE /* DataItem.swift in Sources */,
				33C9CBA01CBA983E004061EA /* AssertDataController.swift in Sources */,
				33C9CBA71CBA98B3004061EA /* AppDelegate.swift in Sources */,
				335AEFFA1CBD5AF500849B89 /* DownloadViewController.swift in Sources */,
				336CE3CB1CBB4E40000380A4 /* ViewUtils.swift in Sources */,
				33892EC11CC7D88D00E4A5FD /* QuestionCell.swift in Sources */,
				336CE3DA1CBB5584000380A4 /* Question.swift in Sources */,
				33B5CDD81CB8B6AE00A4FB79 /* DataItemUITableViewCell.swift in Sources */,
			);
			runOnlyForDeploymentPostprocessing = 0;
		};
/* End PBXSourcesBuildPhase section */

/* Begin XCBuildConfiguration section */
		335BF6861CB657D600EE1177 /* Debug */ = {
			isa = XCBuildConfiguration;
			buildSettings = {
				ALWAYS_SEARCH_USER_PATHS = NO;
				CLANG_ANALYZER_NONNULL = YES;
				CLANG_CXX_LANGUAGE_STANDARD = "gnu++0x";
				CLANG_CXX_LIBRARY = "libc++";
				CLANG_ENABLE_MODULES = YES;
				CLANG_ENABLE_OBJC_ARC = YES;
				CLANG_WARN_BOOL_CONVERSION = YES;
				CLANG_WARN_CONSTANT_CONVERSION = YES;
				CLANG_WARN_DIRECT_OBJC_ISA_USAGE = YES_ERROR;
				CLANG_WARN_EMPTY_BODY = YES;
				CLANG_WARN_ENUM_CONVERSION = YES;
				CLANG_WARN_INT_CONVERSION = YES;
				CLANG_WARN_OBJC_ROOT_CLASS = YES_ERROR;
				CLANG_WARN_UNREACHABLE_CODE = YES;
				CLANG_WARN__DUPLICATE_METHOD_MATCH = YES;
				"CODE_SIGN_IDENTITY[sdk=iphoneos*]" = "iPhone Developer";
				COPY_PHASE_STRIP = NO;
				DEBUG_INFORMATION_FORMAT = dwarf;
				ENABLE_STRICT_OBJC_MSGSEND = YES;
				ENABLE_TESTABILITY = YES;
				GCC_C_LANGUAGE_STANDARD = gnu99;
				GCC_DYNAMIC_NO_PIC = NO;
				GCC_NO_COMMON_BLOCKS = YES;
				GCC_OPTIMIZATION_LEVEL = 0;
				GCC_PREPROCESSOR_DEFINITIONS = (
					"DEBUG=1",
					"$(inherited)",
				);
				GCC_WARN_64_TO_32_BIT_CONVERSION = YES;
				GCC_WARN_ABOUT_RETURN_TYPE = YES_ERROR;
				GCC_WARN_UNDECLARED_SELECTOR = YES;
				GCC_WARN_UNINITIALIZED_AUTOS = YES_AGGRESSIVE;
				GCC_WARN_UNUSED_FUNCTION = YES;
				GCC_WARN_UNUSED_VARIABLE = YES;
				IPHONEOS_DEPLOYMENT_TARGET = 9.3;
				MTL_ENABLE_DEBUG_INFO = YES;
				ONLY_ACTIVE_ARCH = YES;
				SDKROOT = iphoneos;
				SWIFT_OPTIMIZATION_LEVEL = "-Onone";
			};
			name = Debug;
		};
		335BF6871CB657D600EE1177 /* Release */ = {
			isa = XCBuildConfiguration;
			buildSettings = {
				ALWAYS_SEARCH_USER_PATHS = NO;
				CLANG_ANALYZER_NONNULL = YES;
				CLANG_CXX_LANGUAGE_STANDARD = "gnu++0x";
				CLANG_CXX_LIBRARY = "libc++";
				CLANG_ENABLE_MODULES = YES;
				CLANG_ENABLE_OBJC_ARC = YES;
				CLANG_WARN_BOOL_CONVERSION = YES;
				CLANG_WARN_CONSTANT_CONVERSION = YES;
				CLANG_WARN_DIRECT_OBJC_ISA_USAGE = YES_ERROR;
				CLANG_WARN_EMPTY_BODY = YES;
				CLANG_WARN_ENUM_CONVERSION = YES;
				CLANG_WARN_INT_CONVERSION = YES;
				CLANG_WARN_OBJC_ROOT_CLASS = YES_ERROR;
				CLANG_WARN_UNREACHABLE_CODE = YES;
				CLANG_WARN__DUPLICATE_METHOD_MATCH = YES;
				"CODE_SIGN_IDENTITY[sdk=iphoneos*]" = "iPhone Developer";
				COPY_PHASE_STRIP = NO;
				DEBUG_INFORMATION_FORMAT = "dwarf-with-dsym";
				ENABLE_NS_ASSERTIONS = NO;
				ENABLE_STRICT_OBJC_MSGSEND = YES;
				GCC_C_LANGUAGE_STANDARD = gnu99;
				GCC_NO_COMMON_BLOCKS = YES;
				GCC_WARN_64_TO_32_BIT_CONVERSION = YES;
				GCC_WARN_ABOUT_RETURN_TYPE = YES_ERROR;
				GCC_WARN_UNDECLARED_SELECTOR = YES;
				GCC_WARN_UNINITIALIZED_AUTOS = YES_AGGRESSIVE;
				GCC_WARN_UNUSED_FUNCTION = YES;
				GCC_WARN_UNUSED_VARIABLE = YES;
				IPHONEOS_DEPLOYMENT_TARGET = 9.3;
				MTL_ENABLE_DEBUG_INFO = NO;
				SDKROOT = iphoneos;
				VALIDATE_PRODUCT = YES;
			};
			name = Release;
		};
		335BF6891CB657D600EE1177 /* Debug */ = {
			isa = XCBuildConfiguration;
			baseConfigurationReference = 0BC22BB44E3FD87A00756CF0 /* Pods.debug.xcconfig */;
			buildSettings = {
				ASSETCATALOG_COMPILER_APPICON_NAME = AppIcon;
				CLANG_ENABLE_MODULES = YES;
				CODE_SIGN_IDENTITY = "iPhone Developer";
				"CODE_SIGN_IDENTITY[sdk=iphoneos*]" = "iPhone Developer";
				INFOPLIST_FILE = "English for all levels/Info.plist";
				LD_RUNPATH_SEARCH_PATHS = "$(inherited) @executable_path/Frameworks";
				PRODUCT_BUNDLE_IDENTIFIER = "quanghoa.German-exercise";
				PRODUCT_NAME = "$(TARGET_NAME)";
				PROVISIONING_PROFILE = "";
				SWIFT_OBJC_BRIDGING_HEADER = "English for all levels/English for all levels-Bridging-Header.h";
				SWIFT_OPTIMIZATION_LEVEL = "-Onone";
			};
			name = Debug;
		};
		335BF68A1CB657D600EE1177 /* Release */ = {
			isa = XCBuildConfiguration;
			baseConfigurationReference = 55852F2EC76297D88B1EAD61 /* Pods.release.xcconfig */;
			buildSettings = {
				ASSETCATALOG_COMPILER_APPICON_NAME = AppIcon;
				CLANG_ENABLE_MODULES = YES;
				CODE_SIGN_IDENTITY = "iPhone Developer";
				"CODE_SIGN_IDENTITY[sdk=iphoneos*]" = "iPhone Developer";
				INFOPLIST_FILE = "English for all levels/Info.plist";
				LD_RUNPATH_SEARCH_PATHS = "$(inherited) @executable_path/Frameworks";
				PRODUCT_BUNDLE_IDENTIFIER = "quanghoa.German-exercise";
				PRODUCT_NAME = "$(TARGET_NAME)";
				PROVISIONING_PROFILE = "";
				SWIFT_OBJC_BRIDGING_HEADER = "English for all levels/English for all levels-Bridging-Header.h";
			};
			name = Release;
		};
/* End XCBuildConfiguration section */

/* Begin XCConfigurationList section */
		335BF6711CB657D500EE1177 /* Build configuration list for PBXProject "English for all levels" */ = {
			isa = XCConfigurationList;
			buildConfigurations = (
				335BF6861CB657D600EE1177 /* Debug */,
				335BF6871CB657D600EE1177 /* Release */,
			);
			defaultConfigurationIsVisible = 0;
			defaultConfigurationName = Release;
		};
		335BF6881CB657D600EE1177 /* Build configuration list for PBXNativeTarget "English for all levels" */ = {
			isa = XCConfigurationList;
			buildConfigurations = (
				335BF6891CB657D600EE1177 /* Debug */,
				335BF68A1CB657D600EE1177 /* Release */,
			);
			defaultConfigurationIsVisible = 0;
			defaultConfigurationName = Release;
		};
/* End XCConfigurationList section */
	};
	rootObject = 335BF66E1CB657D500EE1177 /* Project object */;
}
